// !$*UTF8*$!
{
	archiveVersion = 1;
	classes = {
	};
	objectVersion = 56;
	objects = {

/* Begin PBXBuildFile section */
		0C2B8C3A2C9ADC230019C955 /* Strings+Generated.swift in Sources */ = {isa = PBXBuildFile; fileRef = 0C2B8C372C9ADC230019C955 /* Strings+Generated.swift */; };
		0C2B8C3B2C9ADC230019C955 /* Images+Generated.swift in Sources */ = {isa = PBXBuildFile; fileRef = 0C2B8C382C9ADC230019C955 /* Images+Generated.swift */; };
		0C2B8C3C2C9ADC230019C955 /* Colors+Generated.swift in Sources */ = {isa = PBXBuildFile; fileRef = 0C2B8C392C9ADC230019C955 /* Colors+Generated.swift */; };
		0C2B8C402C9ADC780019C955 /* String+Extensions.swift in Sources */ = {isa = PBXBuildFile; fileRef = 0C2B8C3F2C9ADC780019C955 /* String+Extensions.swift */; };
		0C2B8C422C9ADC8A0019C955 /* UIDevice+Extensions.swift in Sources */ = {isa = PBXBuildFile; fileRef = 0C2B8C412C9ADC8A0019C955 /* UIDevice+Extensions.swift */; };
		0C2B8C452C9ADEFE0019C955 /* Factory in Frameworks */ = {isa = PBXBuildFile; productRef = 0C2B8C442C9ADEFE0019C955 /* Factory */; };
		0C2B8C482C9ADF040019C955 /* SFSafeSymbols in Frameworks */ = {isa = PBXBuildFile; productRef = 0C2B8C472C9ADF040019C955 /* SFSafeSymbols */; };
		0C2B8C502C9ADFD80019C955 /* BaseViewState.swift in Sources */ = {isa = PBXBuildFile; fileRef = 0C2B8C4D2C9ADFD80019C955 /* BaseViewState.swift */; };
		0C2B8C512C9ADFD80019C955 /* BaseViewAction.swift in Sources */ = {isa = PBXBuildFile; fileRef = 0C2B8C4E2C9ADFD80019C955 /* BaseViewAction.swift */; };
		0C2B8C522C9ADFD80019C955 /* BaseViewModel.swift in Sources */ = {isa = PBXBuildFile; fileRef = 0C2B8C4F2C9ADFD80019C955 /* BaseViewModel.swift */; };
		0C2B8C5B2C9AE0FE0019C955 /* WatchListView.swift in Sources */ = {isa = PBXBuildFile; fileRef = 0C2B8C5A2C9AE0FE0019C955 /* WatchListView.swift */; };
		0C2B8C5D2C9AE1030019C955 /* TrendingView.swift in Sources */ = {isa = PBXBuildFile; fileRef = 0C2B8C5C2C9AE1030019C955 /* TrendingView.swift */; };
		0C2B8C5F2C9AE10B0019C955 /* SearchView.swift in Sources */ = {isa = PBXBuildFile; fileRef = 0C2B8C5E2C9AE10B0019C955 /* SearchView.swift */; };
		0C2B8C652C9AE1140019C955 /* MainView.swift in Sources */ = {isa = PBXBuildFile; fileRef = 0C2B8C612C9AE1140019C955 /* MainView.swift */; };
		0C2B8C6A2C9AE1340019C955 /* ApplicationTab.swift in Sources */ = {isa = PBXBuildFile; fileRef = 0C2B8C692C9AE1340019C955 /* ApplicationTab.swift */; };
		0C2B8C6D2C9AE8DE0019C955 /* MovieRepository.swift in Sources */ = {isa = PBXBuildFile; fileRef = 0C2B8C6C2C9AE8DE0019C955 /* MovieRepository.swift */; };
		0C2B8C702C9AE90A0019C955 /* MovieMapper.swift in Sources */ = {isa = PBXBuildFile; fileRef = 0C2B8C6F2C9AE90A0019C955 /* MovieMapper.swift */; };
		0C2B8C732C9AE9310019C955 /* Movie.swift in Sources */ = {isa = PBXBuildFile; fileRef = 0C2B8C712C9AE9310019C955 /* Movie.swift */; };
		0C2B8C742C9AE9310019C955 /* MoviePage.swift in Sources */ = {isa = PBXBuildFile; fileRef = 0C2B8C722C9AE9310019C955 /* MoviePage.swift */; };
		0C2B8C772C9AE9690019C955 /* RepositoryResult.swift in Sources */ = {isa = PBXBuildFile; fileRef = 0C2B8C762C9AE9690019C955 /* RepositoryResult.swift */; };
		0C2B8C7B2C9AE99E0019C955 /* Network+Injection.swift in Sources */ = {isa = PBXBuildFile; fileRef = 0C2B8C792C9AE99E0019C955 /* Network+Injection.swift */; };
		0C2B8C7C2C9AE99E0019C955 /* Movies+Injection.swift in Sources */ = {isa = PBXBuildFile; fileRef = 0C2B8C7A2C9AE99E0019C955 /* Movies+Injection.swift */; };
		0C2B8C852C9AEA110019C955 /* MoviePageDTO.swift in Sources */ = {isa = PBXBuildFile; fileRef = 0C2B8C832C9AEA110019C955 /* MoviePageDTO.swift */; };
		0C2B8C862C9AEA110019C955 /* MovieDTO.swift in Sources */ = {isa = PBXBuildFile; fileRef = 0C2B8C842C9AEA110019C955 /* MovieDTO.swift */; };
		0C2B8C892C9AEA180019C955 /* MovieAPIService.swift in Sources */ = {isa = PBXBuildFile; fileRef = 0C2B8C872C9AEA180019C955 /* MovieAPIService.swift */; };
		0C2B8C8A2C9AEA180019C955 /* MovieRequest.swift in Sources */ = {isa = PBXBuildFile; fileRef = 0C2B8C882C9AEA180019C955 /* MovieRequest.swift */; };
		0C2B8C912C9AEA300019C955 /* NetworkError.swift in Sources */ = {isa = PBXBuildFile; fileRef = 0C2B8C8F2C9AEA300019C955 /* NetworkError.swift */; };
		0C2B8C922C9AEA300019C955 /* NetworkErrorFactory.swift in Sources */ = {isa = PBXBuildFile; fileRef = 0C2B8C902C9AEA300019C955 /* NetworkErrorFactory.swift */; };
		0C2B8C982C9AEA3C0019C955 /* RequestFactory.swift in Sources */ = {isa = PBXBuildFile; fileRef = 0C2B8C932C9AEA3B0019C955 /* RequestFactory.swift */; };
		0C2B8C992C9AEA3C0019C955 /* HTTPRequest.swift in Sources */ = {isa = PBXBuildFile; fileRef = 0C2B8C942C9AEA3B0019C955 /* HTTPRequest.swift */; };
		0C2B8C9A2C9AEA3C0019C955 /* NetworkConstants.swift in Sources */ = {isa = PBXBuildFile; fileRef = 0C2B8C952C9AEA3C0019C955 /* NetworkConstants.swift */; };
		0C2B8C9B2C9AEA3C0019C955 /* NetworkDispatcher.swift in Sources */ = {isa = PBXBuildFile; fileRef = 0C2B8C962C9AEA3C0019C955 /* NetworkDispatcher.swift */; };
		0C2B8C9C2C9AEA3C0019C955 /* ResponseParser.swift in Sources */ = {isa = PBXBuildFile; fileRef = 0C2B8C972C9AEA3C0019C955 /* ResponseParser.swift */; };
		0CA0F0522C9859A400569EBC /* FilmFinderApp.swift in Sources */ = {isa = PBXBuildFile; fileRef = 0CA0F0512C9859A400569EBC /* FilmFinderApp.swift */; };
		0CA0F0562C9859A500569EBC /* Assets.xcassets in Resources */ = {isa = PBXBuildFile; fileRef = 0CA0F0552C9859A500569EBC /* Assets.xcassets */; };
		0CA0F05A2C9859A500569EBC /* Preview Assets.xcassets in Resources */ = {isa = PBXBuildFile; fileRef = 0CA0F0592C9859A500569EBC /* Preview Assets.xcassets */; };
		0CA0F0632C985DC800569EBC /* Launch Screen.storyboard in Resources */ = {isa = PBXBuildFile; fileRef = 0CA0F0622C985DC800569EBC /* Launch Screen.storyboard */; };
		0CA0F0B72C98C61800569EBC /* Localizable.strings in Resources */ = {isa = PBXBuildFile; fileRef = 0CA0F0B52C98C61800569EBC /* Localizable.strings */; };
		0CA0F0B92C98C6C900569EBC /* Colors.xcassets in Resources */ = {isa = PBXBuildFile; fileRef = 0CA0F0B82C98C6C900569EBC /* Colors.xcassets */; };
		0CA0F0BB2C98C6E100569EBC /* Images.xcassets in Resources */ = {isa = PBXBuildFile; fileRef = 0CA0F0BA2C98C6E100569EBC /* Images.xcassets */; };
/* End PBXBuildFile section */

/* Begin PBXFileReference section */
		0C2B8C372C9ADC230019C955 /* Strings+Generated.swift */ = {isa = PBXFileReference; fileEncoding = 4; lastKnownFileType = sourcecode.swift; name = "Strings+Generated.swift"; path = "../../../../_FilmFinder/FilmFinder/Core/Generated/Strings+Generated.swift"; sourceTree = "<group>"; };
		0C2B8C382C9ADC230019C955 /* Images+Generated.swift */ = {isa = PBXFileReference; fileEncoding = 4; lastKnownFileType = sourcecode.swift; name = "Images+Generated.swift"; path = "../../../../_FilmFinder/FilmFinder/Core/Generated/Images+Generated.swift"; sourceTree = "<group>"; };
		0C2B8C392C9ADC230019C955 /* Colors+Generated.swift */ = {isa = PBXFileReference; fileEncoding = 4; lastKnownFileType = sourcecode.swift; name = "Colors+Generated.swift"; path = "../../../../_FilmFinder/FilmFinder/Core/Generated/Colors+Generated.swift"; sourceTree = "<group>"; };
		0C2B8C3F2C9ADC780019C955 /* String+Extensions.swift */ = {isa = PBXFileReference; lastKnownFileType = sourcecode.swift; path = "String+Extensions.swift"; sourceTree = "<group>"; };
		0C2B8C412C9ADC8A0019C955 /* UIDevice+Extensions.swift */ = {isa = PBXFileReference; lastKnownFileType = sourcecode.swift; path = "UIDevice+Extensions.swift"; sourceTree = "<group>"; };
		0C2B8C4D2C9ADFD80019C955 /* BaseViewState.swift */ = {isa = PBXFileReference; fileEncoding = 4; lastKnownFileType = sourcecode.swift; path = BaseViewState.swift; sourceTree = "<group>"; };
		0C2B8C4E2C9ADFD80019C955 /* BaseViewAction.swift */ = {isa = PBXFileReference; fileEncoding = 4; lastKnownFileType = sourcecode.swift; path = BaseViewAction.swift; sourceTree = "<group>"; };
		0C2B8C4F2C9ADFD80019C955 /* BaseViewModel.swift */ = {isa = PBXFileReference; fileEncoding = 4; lastKnownFileType = sourcecode.swift; path = BaseViewModel.swift; sourceTree = "<group>"; };
		0C2B8C5A2C9AE0FE0019C955 /* WatchListView.swift */ = {isa = PBXFileReference; fileEncoding = 4; lastKnownFileType = sourcecode.swift; path = WatchListView.swift; sourceTree = "<group>"; };
		0C2B8C5C2C9AE1030019C955 /* TrendingView.swift */ = {isa = PBXFileReference; fileEncoding = 4; lastKnownFileType = sourcecode.swift; path = TrendingView.swift; sourceTree = "<group>"; };
		0C2B8C5E2C9AE10B0019C955 /* SearchView.swift */ = {isa = PBXFileReference; fileEncoding = 4; lastKnownFileType = sourcecode.swift; path = SearchView.swift; sourceTree = "<group>"; };
		0C2B8C612C9AE1140019C955 /* MainView.swift */ = {isa = PBXFileReference; fileEncoding = 4; lastKnownFileType = sourcecode.swift; path = MainView.swift; sourceTree = "<group>"; };
		0C2B8C692C9AE1340019C955 /* ApplicationTab.swift */ = {isa = PBXFileReference; lastKnownFileType = sourcecode.swift; path = ApplicationTab.swift; sourceTree = "<group>"; };
		0C2B8C6C2C9AE8DE0019C955 /* MovieRepository.swift */ = {isa = PBXFileReference; lastKnownFileType = sourcecode.swift; path = MovieRepository.swift; sourceTree = "<group>"; };
		0C2B8C6F2C9AE90A0019C955 /* MovieMapper.swift */ = {isa = PBXFileReference; lastKnownFileType = sourcecode.swift; path = MovieMapper.swift; sourceTree = "<group>"; };
		0C2B8C712C9AE9310019C955 /* Movie.swift */ = {isa = PBXFileReference; fileEncoding = 4; lastKnownFileType = sourcecode.swift; path = Movie.swift; sourceTree = "<group>"; };
		0C2B8C722C9AE9310019C955 /* MoviePage.swift */ = {isa = PBXFileReference; fileEncoding = 4; lastKnownFileType = sourcecode.swift; path = MoviePage.swift; sourceTree = "<group>"; };
		0C2B8C762C9AE9690019C955 /* RepositoryResult.swift */ = {isa = PBXFileReference; fileEncoding = 4; lastKnownFileType = sourcecode.swift; path = RepositoryResult.swift; sourceTree = "<group>"; };
		0C2B8C792C9AE99E0019C955 /* Network+Injection.swift */ = {isa = PBXFileReference; fileEncoding = 4; lastKnownFileType = sourcecode.swift; path = "Network+Injection.swift"; sourceTree = "<group>"; };
		0C2B8C7A2C9AE99E0019C955 /* Movies+Injection.swift */ = {isa = PBXFileReference; fileEncoding = 4; lastKnownFileType = sourcecode.swift; path = "Movies+Injection.swift"; sourceTree = "<group>"; };
		0C2B8C832C9AEA110019C955 /* MoviePageDTO.swift */ = {isa = PBXFileReference; fileEncoding = 4; lastKnownFileType = sourcecode.swift; path = MoviePageDTO.swift; sourceTree = "<group>"; };
		0C2B8C842C9AEA110019C955 /* MovieDTO.swift */ = {isa = PBXFileReference; fileEncoding = 4; lastKnownFileType = sourcecode.swift; path = MovieDTO.swift; sourceTree = "<group>"; };
		0C2B8C872C9AEA180019C955 /* MovieAPIService.swift */ = {isa = PBXFileReference; fileEncoding = 4; lastKnownFileType = sourcecode.swift; path = MovieAPIService.swift; sourceTree = "<group>"; };
		0C2B8C882C9AEA180019C955 /* MovieRequest.swift */ = {isa = PBXFileReference; fileEncoding = 4; lastKnownFileType = sourcecode.swift; path = MovieRequest.swift; sourceTree = "<group>"; };
		0C2B8C8F2C9AEA300019C955 /* NetworkError.swift */ = {isa = PBXFileReference; fileEncoding = 4; lastKnownFileType = sourcecode.swift; path = NetworkError.swift; sourceTree = "<group>"; };
		0C2B8C902C9AEA300019C955 /* NetworkErrorFactory.swift */ = {isa = PBXFileReference; fileEncoding = 4; lastKnownFileType = sourcecode.swift; path = NetworkErrorFactory.swift; sourceTree = "<group>"; };
		0C2B8C932C9AEA3B0019C955 /* RequestFactory.swift */ = {isa = PBXFileReference; fileEncoding = 4; lastKnownFileType = sourcecode.swift; path = RequestFactory.swift; sourceTree = "<group>"; };
		0C2B8C942C9AEA3B0019C955 /* HTTPRequest.swift */ = {isa = PBXFileReference; fileEncoding = 4; lastKnownFileType = sourcecode.swift; path = HTTPRequest.swift; sourceTree = "<group>"; };
		0C2B8C952C9AEA3C0019C955 /* NetworkConstants.swift */ = {isa = PBXFileReference; fileEncoding = 4; lastKnownFileType = sourcecode.swift; path = NetworkConstants.swift; sourceTree = "<group>"; };
		0C2B8C962C9AEA3C0019C955 /* NetworkDispatcher.swift */ = {isa = PBXFileReference; fileEncoding = 4; lastKnownFileType = sourcecode.swift; path = NetworkDispatcher.swift; sourceTree = "<group>"; };
		0C2B8C972C9AEA3C0019C955 /* ResponseParser.swift */ = {isa = PBXFileReference; fileEncoding = 4; lastKnownFileType = sourcecode.swift; path = ResponseParser.swift; sourceTree = "<group>"; };
		0CA0F04E2C9859A400569EBC /* FilmFinder.app */ = {isa = PBXFileReference; explicitFileType = wrapper.application; includeInIndex = 0; path = FilmFinder.app; sourceTree = BUILT_PRODUCTS_DIR; };
		0CA0F0512C9859A400569EBC /* FilmFinderApp.swift */ = {isa = PBXFileReference; lastKnownFileType = sourcecode.swift; path = FilmFinderApp.swift; sourceTree = "<group>"; };
		0CA0F0552C9859A500569EBC /* Assets.xcassets */ = {isa = PBXFileReference; lastKnownFileType = folder.assetcatalog; path = Assets.xcassets; sourceTree = "<group>"; };
		0CA0F0572C9859A500569EBC /* FilmFinder.entitlements */ = {isa = PBXFileReference; lastKnownFileType = text.plist.entitlements; path = FilmFinder.entitlements; sourceTree = "<group>"; };
		0CA0F0592C9859A500569EBC /* Preview Assets.xcassets */ = {isa = PBXFileReference; lastKnownFileType = folder.assetcatalog; path = "Preview Assets.xcassets"; sourceTree = "<group>"; };
		0CA0F0622C985DC800569EBC /* Launch Screen.storyboard */ = {isa = PBXFileReference; lastKnownFileType = file.storyboard; path = "Launch Screen.storyboard"; sourceTree = "<group>"; };
		0CA0F0B62C98C61800569EBC /* en */ = {isa = PBXFileReference; lastKnownFileType = text.plist.strings; name = en; path = en.lproj/Localizable.strings; sourceTree = "<group>"; };
		0CA0F0B82C98C6C900569EBC /* Colors.xcassets */ = {isa = PBXFileReference; lastKnownFileType = folder.assetcatalog; path = Colors.xcassets; sourceTree = "<group>"; };
		0CA0F0BA2C98C6E100569EBC /* Images.xcassets */ = {isa = PBXFileReference; lastKnownFileType = folder.assetcatalog; path = Images.xcassets; sourceTree = "<group>"; };
/* End PBXFileReference section */

/* Begin PBXFrameworksBuildPhase section */
		0CA0F04B2C9859A400569EBC /* Frameworks */ = {
			isa = PBXFrameworksBuildPhase;
			buildActionMask = 2147483647;
			files = (
				0C2B8C482C9ADF040019C955 /* SFSafeSymbols in Frameworks */,
				0C2B8C452C9ADEFE0019C955 /* Factory in Frameworks */,
			);
			runOnlyForDeploymentPostprocessing = 0;
		};
/* End PBXFrameworksBuildPhase section */

/* Begin PBXGroup section */
		0C2B8C3E2C9ADC5F0019C955 /* Extensions */ = {
			isa = PBXGroup;
			children = (
				0C2B8C3F2C9ADC780019C955 /* String+Extensions.swift */,
				0C2B8C412C9ADC8A0019C955 /* UIDevice+Extensions.swift */,
			);
			path = Extensions;
			sourceTree = "<group>";
		};
		0C2B8C492C9ADFA10019C955 /* Architecture */ = {
			isa = PBXGroup;
			children = (
				0C2B8C4E2C9ADFD80019C955 /* BaseViewAction.swift */,
				0C2B8C4F2C9ADFD80019C955 /* BaseViewModel.swift */,
				0C2B8C4D2C9ADFD80019C955 /* BaseViewState.swift */,
			);
			path = Architecture;
			sourceTree = "<group>";
		};
		0C2B8C542C9AE01D0019C955 /* Stories */ = {
			isa = PBXGroup;
			children = (
				0C2B8C552C9AE0240019C955 /* MainView */,
				0C2B8C582C9AE03A0019C955 /* SearchView */,
				0C2B8C572C9AE0300019C955 /* TrendingView */,
				0C2B8C592C9AE0410019C955 /* WatchListView */,
			);
			path = Stories;
			sourceTree = "<group>";
		};
		0C2B8C552C9AE0240019C955 /* MainView */ = {
			isa = PBXGroup;
			children = (
				0C2B8C612C9AE1140019C955 /* MainView.swift */,
			);
			path = MainView;
			sourceTree = "<group>";
		};
		0C2B8C572C9AE0300019C955 /* TrendingView */ = {
			isa = PBXGroup;
			children = (
				0C2B8C5C2C9AE1030019C955 /* TrendingView.swift */,
			);
			path = TrendingView;
			sourceTree = "<group>";
		};
		0C2B8C582C9AE03A0019C955 /* SearchView */ = {
			isa = PBXGroup;
			children = (
				0C2B8C5E2C9AE10B0019C955 /* SearchView.swift */,
			);
			path = SearchView;
			sourceTree = "<group>";
		};
		0C2B8C592C9AE0410019C955 /* WatchListView */ = {
			isa = PBXGroup;
			children = (
				0C2B8C5A2C9AE0FE0019C955 /* WatchListView.swift */,
			);
			path = WatchListView;
			sourceTree = "<group>";
		};
		0C2B8C682C9AE1210019C955 /* Models */ = {
			isa = PBXGroup;
			children = (
				0C2B8C692C9AE1340019C955 /* ApplicationTab.swift */,
				0C2B8C712C9AE9310019C955 /* Movie.swift */,
				0C2B8C722C9AE9310019C955 /* MoviePage.swift */,
			);
			path = Models;
			sourceTree = "<group>";
		};
		0C2B8C6B2C9AE8C00019C955 /* Repositories */ = {
			isa = PBXGroup;
			children = (
				0C2B8C6C2C9AE8DE0019C955 /* MovieRepository.swift */,
			);
			path = Repositories;
			sourceTree = "<group>";
		};
		0C2B8C6E2C9AE8F10019C955 /* Mappers */ = {
			isa = PBXGroup;
			children = (
				0C2B8C6F2C9AE90A0019C955 /* MovieMapper.swift */,
			);
			path = Mappers;
			sourceTree = "<group>";
		};
		0C2B8C752C9AE9520019C955 /* Utils */ = {
			isa = PBXGroup;
			children = (
				0C2B8C762C9AE9690019C955 /* RepositoryResult.swift */,
			);
			path = Utils;
			sourceTree = "<group>";
		};
		0C2B8C782C9AE98E0019C955 /* DI */ = {
			isa = PBXGroup;
			children = (
				0C2B8C7A2C9AE99E0019C955 /* Movies+Injection.swift */,
				0C2B8C792C9AE99E0019C955 /* Network+Injection.swift */,
			);
			path = DI;
			sourceTree = "<group>";
		};
		0C2B8C7D2C9AE9AF0019C955 /* Networking */ = {
			isa = PBXGroup;
			children = (
				0C2B8C7E2C9AE9B70019C955 /* API */,
				0C2B8C7F2C9AE9BC0019C955 /* Error */,
				0C2B8C942C9AEA3B0019C955 /* HTTPRequest.swift */,
				0C2B8C952C9AEA3C0019C955 /* NetworkConstants.swift */,
				0C2B8C962C9AEA3C0019C955 /* NetworkDispatcher.swift */,
				0C2B8C932C9AEA3B0019C955 /* RequestFactory.swift */,
				0C2B8C972C9AEA3C0019C955 /* ResponseParser.swift */,
			);
			path = Networking;
			sourceTree = "<group>";
		};
		0C2B8C7E2C9AE9B70019C955 /* API */ = {
			isa = PBXGroup;
			children = (
				0C2B8C812C9AE9EB0019C955 /* Movie */,
			);
			path = API;
			sourceTree = "<group>";
		};
		0C2B8C7F2C9AE9BC0019C955 /* Error */ = {
			isa = PBXGroup;
			children = (
				0C2B8C8F2C9AEA300019C955 /* NetworkError.swift */,
				0C2B8C902C9AEA300019C955 /* NetworkErrorFactory.swift */,
			);
			path = Error;
			sourceTree = "<group>";
		};
		0C2B8C812C9AE9EB0019C955 /* Movie */ = {
			isa = PBXGroup;
			children = (
				0C2B8C822C9AE9F00019C955 /* DTO */,
				0C2B8C872C9AEA180019C955 /* MovieAPIService.swift */,
				0C2B8C882C9AEA180019C955 /* MovieRequest.swift */,
			);
			path = Movie;
			sourceTree = "<group>";
		};
		0C2B8C822C9AE9F00019C955 /* DTO */ = {
			isa = PBXGroup;
			children = (
				0C2B8C842C9AEA110019C955 /* MovieDTO.swift */,
				0C2B8C832C9AEA110019C955 /* MoviePageDTO.swift */,
			);
			path = DTO;
			sourceTree = "<group>";
		};
		0CA0F0452C9859A400569EBC = {
			isa = PBXGroup;
			children = (
				0CA0F0502C9859A400569EBC /* FilmFinder */,
				0CA0F04F2C9859A400569EBC /* Products */,
			);
			sourceTree = "<group>";
		};
		0CA0F04F2C9859A400569EBC /* Products */ = {
			isa = PBXGroup;
			children = (
				0CA0F04E2C9859A400569EBC /* FilmFinder.app */,
			);
			name = Products;
			sourceTree = "<group>";
		};
		0CA0F0502C9859A400569EBC /* FilmFinder */ = {
			isa = PBXGroup;
			children = (
				0C2B8C7D2C9AE9AF0019C955 /* Networking */,
				0CA0F0642C986B3D00569EBC /* Core */,
				0C2B8C782C9AE98E0019C955 /* DI */,
				0C2B8C6E2C9AE8F10019C955 /* Mappers */,
				0C2B8C682C9AE1210019C955 /* Models */,
				0C2B8C6B2C9AE8C00019C955 /* Repositories */,
				0CA0F0B42C98C5DE00569EBC /* Resources */,
				0C2B8C542C9AE01D0019C955 /* Stories */,
			);
			path = FilmFinder;
			sourceTree = "<group>";
		};
		0CA0F0582C9859A500569EBC /* Preview Content */ = {
			isa = PBXGroup;
			children = (
				0CA0F0592C9859A500569EBC /* Preview Assets.xcassets */,
			);
			path = "Preview Content";
			sourceTree = "<group>";
		};
		0CA0F0642C986B3D00569EBC /* Core */ = {
			isa = PBXGroup;
			children = (
				0C2B8C492C9ADFA10019C955 /* Architecture */,
				0C2B8C3E2C9ADC5F0019C955 /* Extensions */,
				0CA0F06A2C986BBA00569EBC /* Generated */,
				0C2B8C752C9AE9520019C955 /* Utils */,
			);
			path = Core;
			sourceTree = "<group>";
		};
		0CA0F06A2C986BBA00569EBC /* Generated */ = {
			isa = PBXGroup;
			children = (
				0C2B8C392C9ADC230019C955 /* Colors+Generated.swift */,
				0C2B8C382C9ADC230019C955 /* Images+Generated.swift */,
				0C2B8C372C9ADC230019C955 /* Strings+Generated.swift */,
			);
			path = Generated;
			sourceTree = "<group>";
		};
		0CA0F0B42C98C5DE00569EBC /* Resources */ = {
			isa = PBXGroup;
			children = (
				0CA0F0582C9859A500569EBC /* Preview Content */,
				0CA0F0572C9859A500569EBC /* FilmFinder.entitlements */,
				0CA0F0552C9859A500569EBC /* Assets.xcassets */,
				0CA0F0B82C98C6C900569EBC /* Colors.xcassets */,
				0CA0F0BA2C98C6E100569EBC /* Images.xcassets */,
				0CA0F0B52C98C61800569EBC /* Localizable.strings */,
				0CA0F0622C985DC800569EBC /* Launch Screen.storyboard */,
				0CA0F0512C9859A400569EBC /* FilmFinderApp.swift */,
			);
			path = Resources;
			sourceTree = "<group>";
		};
/* End PBXGroup section */

/* Begin PBXNativeTarget section */
		0CA0F04D2C9859A400569EBC /* FilmFinder */ = {
			isa = PBXNativeTarget;
			buildConfigurationList = 0CA0F05D2C9859A500569EBC /* Build configuration list for PBXNativeTarget "FilmFinder" */;
			buildPhases = (
				0CA0F04A2C9859A400569EBC /* Sources */,
				0CA0F0BC2C98CA0F00569EBC /* SwiftGen */,
				0CA0F0B12C98B15B00569EBC /* SwiftLint */,
				0CA0F04B2C9859A400569EBC /* Frameworks */,
				0CA0F04C2C9859A400569EBC /* Resources */,
			);
			buildRules = (
			);
			dependencies = (
			);
			name = FilmFinder;
			packageProductDependencies = (
				0C2B8C442C9ADEFE0019C955 /* Factory */,
				0C2B8C472C9ADF040019C955 /* SFSafeSymbols */,
			);
			productName = FilmFinder;
			productReference = 0CA0F04E2C9859A400569EBC /* FilmFinder.app */;
			productType = "com.apple.product-type.application";
		};
/* End PBXNativeTarget section */

/* Begin PBXProject section */
		0CA0F0462C9859A400569EBC /* Project object */ = {
			isa = PBXProject;
			attributes = {
				BuildIndependentTargetsInParallel = 1;
				LastSwiftUpdateCheck = 1530;
				LastUpgradeCheck = 1530;
				TargetAttributes = {
					0CA0F04D2C9859A400569EBC = {
						CreatedOnToolsVersion = 15.3;
					};
				};
			};
			buildConfigurationList = 0CA0F0492C9859A400569EBC /* Build configuration list for PBXProject "FilmFinder" */;
			compatibilityVersion = "Xcode 14.0";
			developmentRegion = en;
			hasScannedForEncodings = 0;
			knownRegions = (
				en,
				Base,
			);
			mainGroup = 0CA0F0452C9859A400569EBC;
			packageReferences = (
				0C2B8C432C9ADEFE0019C955 /* XCRemoteSwiftPackageReference "Factory" */,
				0C2B8C462C9ADF040019C955 /* XCRemoteSwiftPackageReference "SFSafeSymbols" */,
			);
			productRefGroup = 0CA0F04F2C9859A400569EBC /* Products */;
			projectDirPath = "";
			projectRoot = "";
			targets = (
				0CA0F04D2C9859A400569EBC /* FilmFinder */,
			);
		};
/* End PBXProject section */

/* Begin PBXResourcesBuildPhase section */
		0CA0F04C2C9859A400569EBC /* Resources */ = {
			isa = PBXResourcesBuildPhase;
			buildActionMask = 2147483647;
			files = (
				0CA0F0B72C98C61800569EBC /* Localizable.strings in Resources */,
				0CA0F0BB2C98C6E100569EBC /* Images.xcassets in Resources */,
				0CA0F0632C985DC800569EBC /* Launch Screen.storyboard in Resources */,
				0CA0F0B92C98C6C900569EBC /* Colors.xcassets in Resources */,
				0CA0F05A2C9859A500569EBC /* Preview Assets.xcassets in Resources */,
				0CA0F0562C9859A500569EBC /* Assets.xcassets in Resources */,
			);
			runOnlyForDeploymentPostprocessing = 0;
		};
/* End PBXResourcesBuildPhase section */

/* Begin PBXShellScriptBuildPhase section */
		0CA0F0B12C98B15B00569EBC /* SwiftLint */ = {
			isa = PBXShellScriptBuildPhase;
			alwaysOutOfDate = 1;
			buildActionMask = 2147483647;
			files = (
			);
			inputFileListPaths = (
			);
			inputPaths = (
			);
			name = SwiftLint;
			outputFileListPaths = (
			);
			outputPaths = (
			);
			runOnlyForDeploymentPostprocessing = 0;
			shellPath = /bin/sh;
			shellScript = "export PATH=\"$PATH:/opt/homebrew/bin\"\nif which swiftlint > /dev/null; then\n  swiftlint\nelse\n  echo \"warning: SwiftLint not installed, download from https://github.com/realm/SwiftLint\"\nfi\n";
		};
		0CA0F0BC2C98CA0F00569EBC /* SwiftGen */ = {
			isa = PBXShellScriptBuildPhase;
			alwaysOutOfDate = 1;
			buildActionMask = 2147483647;
			files = (
			);
			inputFileListPaths = (
			);
			inputPaths = (
			);
			name = SwiftGen;
			outputFileListPaths = (
			);
			outputPaths = (
			);
			runOnlyForDeploymentPostprocessing = 0;
			shellPath = /bin/sh;
			shellScript = "# Adds support for Apple Silicon brew directory\nexport PATH=\"$PATH:/opt/homebrew/bin\"\n\nif which swiftgen >/dev/null; then\n    swiftgen\nelse\n    echo \"warning: SwiftGen not installed. Use: brew install swiftgen\"\nfi\n";
		};
/* End PBXShellScriptBuildPhase section */

/* Begin PBXSourcesBuildPhase section */
		0CA0F04A2C9859A400569EBC /* Sources */ = {
			isa = PBXSourcesBuildPhase;
			buildActionMask = 2147483647;
			files = (
				0C2B8C772C9AE9690019C955 /* RepositoryResult.swift in Sources */,
				0C2B8C402C9ADC780019C955 /* String+Extensions.swift in Sources */,
				0C2B8C702C9AE90A0019C955 /* MovieMapper.swift in Sources */,
				0C2B8C9B2C9AEA3C0019C955 /* NetworkDispatcher.swift in Sources */,
				0C2B8C9A2C9AEA3C0019C955 /* NetworkConstants.swift in Sources */,
				0C2B8C862C9AEA110019C955 /* MovieDTO.swift in Sources */,
				0C2B8C522C9ADFD80019C955 /* BaseViewModel.swift in Sources */,
				0C2B8C5B2C9AE0FE0019C955 /* WatchListView.swift in Sources */,
				0C2B8C912C9AEA300019C955 /* NetworkError.swift in Sources */,
				0C2B8C3B2C9ADC230019C955 /* Images+Generated.swift in Sources */,
				0C2B8C5D2C9AE1030019C955 /* TrendingView.swift in Sources */,
				0C2B8C3C2C9ADC230019C955 /* Colors+Generated.swift in Sources */,
				0C2B8C652C9AE1140019C955 /* MainView.swift in Sources */,
				0C2B8C512C9ADFD80019C955 /* BaseViewAction.swift in Sources */,
				0C2B8C922C9AEA300019C955 /* NetworkErrorFactory.swift in Sources */,
				0C2B8C6D2C9AE8DE0019C955 /* MovieRepository.swift in Sources */,
				0C2B8C852C9AEA110019C955 /* MoviePageDTO.swift in Sources */,
				0C2B8C6A2C9AE1340019C955 /* ApplicationTab.swift in Sources */,
				0C2B8C742C9AE9310019C955 /* MoviePage.swift in Sources */,
				0C2B8C502C9ADFD80019C955 /* BaseViewState.swift in Sources */,
				0C2B8C9C2C9AEA3C0019C955 /* ResponseParser.swift in Sources */,
				0C2B8C7B2C9AE99E0019C955 /* Network+Injection.swift in Sources */,
				0C2B8C5F2C9AE10B0019C955 /* SearchView.swift in Sources */,
				0CA0F0522C9859A400569EBC /* FilmFinderApp.swift in Sources */,
				0C2B8C892C9AEA180019C955 /* MovieAPIService.swift in Sources */,
				0C2B8C982C9AEA3C0019C955 /* RequestFactory.swift in Sources */,
				0C2B8C8A2C9AEA180019C955 /* MovieRequest.swift in Sources */,
				0C2B8C7C2C9AE99E0019C955 /* Movies+Injection.swift in Sources */,
				0C2B8C3A2C9ADC230019C955 /* Strings+Generated.swift in Sources */,
				0C2B8C422C9ADC8A0019C955 /* UIDevice+Extensions.swift in Sources */,
				0C2B8C992C9AEA3C0019C955 /* HTTPRequest.swift in Sources */,
				0C2B8C732C9AE9310019C955 /* Movie.swift in Sources */,
			);
			runOnlyForDeploymentPostprocessing = 0;
		};
/* End PBXSourcesBuildPhase section */

/* Begin PBXVariantGroup section */
		0CA0F0B52C98C61800569EBC /* Localizable.strings */ = {
			isa = PBXVariantGroup;
			children = (
				0CA0F0B62C98C61800569EBC /* en */,
			);
			name = Localizable.strings;
			sourceTree = "<group>";
		};
/* End PBXVariantGroup section */

/* Begin XCBuildConfiguration section */
		0CA0F05B2C9859A500569EBC /* Debug */ = {
			isa = XCBuildConfiguration;
			buildSettings = {
				ALWAYS_SEARCH_USER_PATHS = NO;
				ASSETCATALOG_COMPILER_GENERATE_SWIFT_ASSET_SYMBOL_EXTENSIONS = YES;
				CLANG_ANALYZER_NONNULL = YES;
				CLANG_ANALYZER_NUMBER_OBJECT_CONVERSION = YES_AGGRESSIVE;
				CLANG_CXX_LANGUAGE_STANDARD = "gnu++20";
				CLANG_ENABLE_MODULES = YES;
				CLANG_ENABLE_OBJC_ARC = YES;
				CLANG_ENABLE_OBJC_WEAK = YES;
				CLANG_WARN_BLOCK_CAPTURE_AUTORELEASING = YES;
				CLANG_WARN_BOOL_CONVERSION = YES;
				CLANG_WARN_COMMA = YES;
				CLANG_WARN_CONSTANT_CONVERSION = YES;
				CLANG_WARN_DEPRECATED_OBJC_IMPLEMENTATIONS = YES;
				CLANG_WARN_DIRECT_OBJC_ISA_USAGE = YES_ERROR;
				CLANG_WARN_DOCUMENTATION_COMMENTS = YES;
				CLANG_WARN_EMPTY_BODY = YES;
				CLANG_WARN_ENUM_CONVERSION = YES;
				CLANG_WARN_INFINITE_RECURSION = YES;
				CLANG_WARN_INT_CONVERSION = YES;
				CLANG_WARN_NON_LITERAL_NULL_CONVERSION = YES;
				CLANG_WARN_OBJC_IMPLICIT_RETAIN_SELF = YES;
				CLANG_WARN_OBJC_LITERAL_CONVERSION = YES;
				CLANG_WARN_OBJC_ROOT_CLASS = YES_ERROR;
				CLANG_WARN_QUOTED_INCLUDE_IN_FRAMEWORK_HEADER = YES;
				CLANG_WARN_RANGE_LOOP_ANALYSIS = YES;
				CLANG_WARN_STRICT_PROTOTYPES = YES;
				CLANG_WARN_SUSPICIOUS_MOVE = YES;
				CLANG_WARN_UNGUARDED_AVAILABILITY = YES_AGGRESSIVE;
				CLANG_WARN_UNREACHABLE_CODE = YES;
				CLANG_WARN__DUPLICATE_METHOD_MATCH = YES;
				COPY_PHASE_STRIP = NO;
				DEBUG_INFORMATION_FORMAT = dwarf;
				ENABLE_STRICT_OBJC_MSGSEND = YES;
				ENABLE_TESTABILITY = YES;
				ENABLE_USER_SCRIPT_SANDBOXING = NO;
				GCC_C_LANGUAGE_STANDARD = gnu17;
				GCC_DYNAMIC_NO_PIC = NO;
				GCC_NO_COMMON_BLOCKS = YES;
				GCC_OPTIMIZATION_LEVEL = 0;
				GCC_PREPROCESSOR_DEFINITIONS = (
					"DEBUG=1",
					"$(inherited)",
				);
				GCC_WARN_64_TO_32_BIT_CONVERSION = YES;
				GCC_WARN_ABOUT_RETURN_TYPE = YES_ERROR;
				GCC_WARN_UNDECLARED_SELECTOR = YES;
				GCC_WARN_UNINITIALIZED_AUTOS = YES_AGGRESSIVE;
				GCC_WARN_UNUSED_FUNCTION = YES;
				GCC_WARN_UNUSED_VARIABLE = YES;
				LOCALIZATION_PREFERS_STRING_CATALOGS = YES;
				MTL_ENABLE_DEBUG_INFO = INCLUDE_SOURCE;
				MTL_FAST_MATH = YES;
				ONLY_ACTIVE_ARCH = YES;
				SWIFT_ACTIVE_COMPILATION_CONDITIONS = "DEBUG $(inherited)";
				SWIFT_OPTIMIZATION_LEVEL = "-Onone";
			};
			name = Debug;
		};
		0CA0F05C2C9859A500569EBC /* Release */ = {
			isa = XCBuildConfiguration;
			buildSettings = {
				ALWAYS_SEARCH_USER_PATHS = NO;
				ASSETCATALOG_COMPILER_GENERATE_SWIFT_ASSET_SYMBOL_EXTENSIONS = YES;
				CLANG_ANALYZER_NONNULL = YES;
				CLANG_ANALYZER_NUMBER_OBJECT_CONVERSION = YES_AGGRESSIVE;
				CLANG_CXX_LANGUAGE_STANDARD = "gnu++20";
				CLANG_ENABLE_MODULES = YES;
				CLANG_ENABLE_OBJC_ARC = YES;
				CLANG_ENABLE_OBJC_WEAK = YES;
				CLANG_WARN_BLOCK_CAPTURE_AUTORELEASING = YES;
				CLANG_WARN_BOOL_CONVERSION = YES;
				CLANG_WARN_COMMA = YES;
				CLANG_WARN_CONSTANT_CONVERSION = YES;
				CLANG_WARN_DEPRECATED_OBJC_IMPLEMENTATIONS = YES;
				CLANG_WARN_DIRECT_OBJC_ISA_USAGE = YES_ERROR;
				CLANG_WARN_DOCUMENTATION_COMMENTS = YES;
				CLANG_WARN_EMPTY_BODY = YES;
				CLANG_WARN_ENUM_CONVERSION = YES;
				CLANG_WARN_INFINITE_RECURSION = YES;
				CLANG_WARN_INT_CONVERSION = YES;
				CLANG_WARN_NON_LITERAL_NULL_CONVERSION = YES;
				CLANG_WARN_OBJC_IMPLICIT_RETAIN_SELF = YES;
				CLANG_WARN_OBJC_LITERAL_CONVERSION = YES;
				CLANG_WARN_OBJC_ROOT_CLASS = YES_ERROR;
				CLANG_WARN_QUOTED_INCLUDE_IN_FRAMEWORK_HEADER = YES;
				CLANG_WARN_RANGE_LOOP_ANALYSIS = YES;
				CLANG_WARN_STRICT_PROTOTYPES = YES;
				CLANG_WARN_SUSPICIOUS_MOVE = YES;
				CLANG_WARN_UNGUARDED_AVAILABILITY = YES_AGGRESSIVE;
				CLANG_WARN_UNREACHABLE_CODE = YES;
				CLANG_WARN__DUPLICATE_METHOD_MATCH = YES;
				COPY_PHASE_STRIP = NO;
				DEBUG_INFORMATION_FORMAT = "dwarf-with-dsym";
				ENABLE_NS_ASSERTIONS = NO;
				ENABLE_STRICT_OBJC_MSGSEND = YES;
				ENABLE_USER_SCRIPT_SANDBOXING = NO;
				GCC_C_LANGUAGE_STANDARD = gnu17;
				GCC_NO_COMMON_BLOCKS = YES;
				GCC_WARN_64_TO_32_BIT_CONVERSION = YES;
				GCC_WARN_ABOUT_RETURN_TYPE = YES_ERROR;
				GCC_WARN_UNDECLARED_SELECTOR = YES;
				GCC_WARN_UNINITIALIZED_AUTOS = YES_AGGRESSIVE;
				GCC_WARN_UNUSED_FUNCTION = YES;
				GCC_WARN_UNUSED_VARIABLE = YES;
				LOCALIZATION_PREFERS_STRING_CATALOGS = YES;
				MTL_ENABLE_DEBUG_INFO = NO;
				MTL_FAST_MATH = YES;
				SWIFT_COMPILATION_MODE = wholemodule;
			};
			name = Release;
		};
		0CA0F05E2C9859A500569EBC /* Debug */ = {
			isa = XCBuildConfiguration;
			buildSettings = {
				ASSETCATALOG_COMPILER_APPICON_NAME = AppIcon;
				ASSETCATALOG_COMPILER_GLOBAL_ACCENT_COLOR_NAME = AccentColor;
				CODE_SIGN_ENTITLEMENTS = FilmFinder/Resources/FilmFinder.entitlements;
				CODE_SIGN_STYLE = Automatic;
				CURRENT_PROJECT_VERSION = 1;
				DEVELOPMENT_ASSET_PATHS = "\"FilmFinder/Resources/Preview Content\"";
				DEVELOPMENT_TEAM = D7TCMSZEM5;
				ENABLE_HARDENED_RUNTIME = YES;
				ENABLE_PREVIEWS = YES;
				GENERATE_INFOPLIST_FILE = YES;
				"INFOPLIST_KEY_UIApplicationSceneManifest_Generation[sdk=iphoneos*]" = YES;
				"INFOPLIST_KEY_UIApplicationSceneManifest_Generation[sdk=iphonesimulator*]" = YES;
				"INFOPLIST_KEY_UIApplicationSupportsIndirectInputEvents[sdk=iphoneos*]" = YES;
				"INFOPLIST_KEY_UIApplicationSupportsIndirectInputEvents[sdk=iphonesimulator*]" = YES;
				"INFOPLIST_KEY_UILaunchScreen_Generation[sdk=iphoneos*]" = YES;
				"INFOPLIST_KEY_UILaunchScreen_Generation[sdk=iphonesimulator*]" = YES;
				INFOPLIST_KEY_UILaunchStoryboardName = "Launch Screen.storyboard";
				INFOPLIST_KEY_UIStatusBarStyle = "";
				"INFOPLIST_KEY_UIStatusBarStyle[sdk=iphoneos*]" = UIStatusBarStyleDefault;
				"INFOPLIST_KEY_UIStatusBarStyle[sdk=iphonesimulator*]" = UIStatusBarStyleDefault;
				INFOPLIST_KEY_UISupportedInterfaceOrientations = "UIInterfaceOrientationPortrait UIInterfaceOrientationPortraitUpsideDown";
				INFOPLIST_KEY_UISupportedInterfaceOrientations_iPad = "UIInterfaceOrientationLandscapeLeft UIInterfaceOrientationLandscapeRight UIInterfaceOrientationPortrait UIInterfaceOrientationPortraitUpsideDown";
				IPHONEOS_DEPLOYMENT_TARGET = 17.4;
				LD_RUNPATH_SEARCH_PATHS = "@executable_path/Frameworks";
				"LD_RUNPATH_SEARCH_PATHS[sdk=macosx*]" = "@executable_path/../Frameworks";
				MACOSX_DEPLOYMENT_TARGET = 14.3;
				MARKETING_VERSION = 1.0;
				PRODUCT_BUNDLE_IDENTIFIER = com.dkPersonal.FilmFinder;
				PRODUCT_NAME = "$(TARGET_NAME)";
				SDKROOT = auto;
				SUPPORTED_PLATFORMS = "iphoneos iphonesimulator";
				SUPPORTS_MACCATALYST = NO;
				SWIFT_EMIT_LOC_STRINGS = YES;
				SWIFT_VERSION = 5.0;
				TARGETED_DEVICE_FAMILY = 1;
			};
			name = Debug;
		};
		0CA0F05F2C9859A500569EBC /* Release */ = {
			isa = XCBuildConfiguration;
			buildSettings = {
				ASSETCATALOG_COMPILER_APPICON_NAME = AppIcon;
				ASSETCATALOG_COMPILER_GLOBAL_ACCENT_COLOR_NAME = AccentColor;
				CODE_SIGN_ENTITLEMENTS = FilmFinder/Resources/FilmFinder.entitlements;
				CODE_SIGN_STYLE = Automatic;
				CURRENT_PROJECT_VERSION = 1;
				DEVELOPMENT_ASSET_PATHS = "\"FilmFinder/Resources/Preview Content\"";
				DEVELOPMENT_TEAM = D7TCMSZEM5;
				ENABLE_HARDENED_RUNTIME = YES;
				ENABLE_PREVIEWS = YES;
				GENERATE_INFOPLIST_FILE = YES;
				"INFOPLIST_KEY_UIApplicationSceneManifest_Generation[sdk=iphoneos*]" = YES;
				"INFOPLIST_KEY_UIApplicationSceneManifest_Generation[sdk=iphonesimulator*]" = YES;
				"INFOPLIST_KEY_UIApplicationSupportsIndirectInputEvents[sdk=iphoneos*]" = YES;
				"INFOPLIST_KEY_UIApplicationSupportsIndirectInputEvents[sdk=iphonesimulator*]" = YES;
				"INFOPLIST_KEY_UILaunchScreen_Generation[sdk=iphoneos*]" = YES;
				"INFOPLIST_KEY_UILaunchScreen_Generation[sdk=iphonesimulator*]" = YES;
				INFOPLIST_KEY_UILaunchStoryboardName = "Launch Screen.storyboard";
				INFOPLIST_KEY_UIStatusBarStyle = "";
				"INFOPLIST_KEY_UIStatusBarStyle[sdk=iphoneos*]" = UIStatusBarStyleDefault;
				"INFOPLIST_KEY_UIStatusBarStyle[sdk=iphonesimulator*]" = UIStatusBarStyleDefault;
				INFOPLIST_KEY_UISupportedInterfaceOrientations = "UIInterfaceOrientationPortrait UIInterfaceOrientationPortraitUpsideDown";
				INFOPLIST_KEY_UISupportedInterfaceOrientations_iPad = "UIInterfaceOrientationLandscapeLeft UIInterfaceOrientationLandscapeRight UIInterfaceOrientationPortrait UIInterfaceOrientationPortraitUpsideDown";
				IPHONEOS_DEPLOYMENT_TARGET = 17.4;
				LD_RUNPATH_SEARCH_PATHS = "@executable_path/Frameworks";
				"LD_RUNPATH_SEARCH_PATHS[sdk=macosx*]" = "@executable_path/../Frameworks";
				MACOSX_DEPLOYMENT_TARGET = 14.3;
				MARKETING_VERSION = 1.0;
				PRODUCT_BUNDLE_IDENTIFIER = com.dkPersonal.FilmFinder;
				PRODUCT_NAME = "$(TARGET_NAME)";
				SDKROOT = auto;
				SUPPORTED_PLATFORMS = "iphoneos iphonesimulator";
				SUPPORTS_MACCATALYST = NO;
				SWIFT_EMIT_LOC_STRINGS = YES;
				SWIFT_VERSION = 5.0;
				TARGETED_DEVICE_FAMILY = 1;
			};
			name = Release;
		};
/* End XCBuildConfiguration section */

/* Begin XCConfigurationList section */
		0CA0F0492C9859A400569EBC /* Build configuration list for PBXProject "FilmFinder" */ = {
			isa = XCConfigurationList;
			buildConfigurations = (
				0CA0F05B2C9859A500569EBC /* Debug */,
				0CA0F05C2C9859A500569EBC /* Release */,
			);
			defaultConfigurationIsVisible = 0;
			defaultConfigurationName = Release;
		};
		0CA0F05D2C9859A500569EBC /* Build configuration list for PBXNativeTarget "FilmFinder" */ = {
			isa = XCConfigurationList;
			buildConfigurations = (
				0CA0F05E2C9859A500569EBC /* Debug */,
				0CA0F05F2C9859A500569EBC /* Release */,
			);
			defaultConfigurationIsVisible = 0;
			defaultConfigurationName = Release;
		};
/* End XCConfigurationList section */

/* Begin XCRemoteSwiftPackageReference section */
		0C2B8C432C9ADEFE0019C955 /* XCRemoteSwiftPackageReference "Factory" */ = {
			isa = XCRemoteSwiftPackageReference;
			repositoryURL = "https://github.com/hmlongco/Factory";
			requirement = {
				kind = upToNextMajorVersion;
				minimumVersion = 2.3.2;
			};
		};
		0C2B8C462C9ADF040019C955 /* XCRemoteSwiftPackageReference "SFSafeSymbols" */ = {
			isa = XCRemoteSwiftPackageReference;
			repositoryURL = "https://github.com/SFSafeSymbols/SFSafeSymbols";
			requirement = {
				kind = upToNextMajorVersion;
				minimumVersion = 5.3.0;
			};
		};
/* End XCRemoteSwiftPackageReference section */

/* Begin XCSwiftPackageProductDependency section */
		0C2B8C442C9ADEFE0019C955 /* Factory */ = {
			isa = XCSwiftPackageProductDependency;
			package = 0C2B8C432C9ADEFE0019C955 /* XCRemoteSwiftPackageReference "Factory" */;
			productName = Factory;
		};
		0C2B8C472C9ADF040019C955 /* SFSafeSymbols */ = {
			isa = XCSwiftPackageProductDependency;
			package = 0C2B8C462C9ADF040019C955 /* XCRemoteSwiftPackageReference "SFSafeSymbols" */;
			productName = SFSafeSymbols;
		};
/* End XCSwiftPackageProductDependency section */
	};
	rootObject = 0CA0F0462C9859A400569EBC /* Project object */;
}
