// !$*UTF8*$!
{
	archiveVersion = 1;
	classes = {
	};
	objectVersion = 56;
	objects = {

/* Begin PBXBuildFile section */
		0C2B8C402C9ADC780019C955 /* String+Extensions.swift in Sources */ = {isa = PBXBuildFile; fileRef = 0C2B8C3F2C9ADC780019C955 /* String+Extensions.swift */; };
		0C2B8C422C9ADC8A0019C955 /* UIDevice+Extensions.swift in Sources */ = {isa = PBXBuildFile; fileRef = 0C2B8C412C9ADC8A0019C955 /* UIDevice+Extensions.swift */; };
		0C2B8C452C9ADEFE0019C955 /* Factory in Frameworks */ = {isa = PBXBuildFile; productRef = 0C2B8C442C9ADEFE0019C955 /* Factory */; };
		0C2B8C482C9ADF040019C955 /* SFSafeSymbols in Frameworks */ = {isa = PBXBuildFile; productRef = 0C2B8C472C9ADF040019C955 /* SFSafeSymbols */; };
		0C2B8C502C9ADFD80019C955 /* BaseViewState.swift in Sources */ = {isa = PBXBuildFile; fileRef = 0C2B8C4D2C9ADFD80019C955 /* BaseViewState.swift */; };
		0C2B8C512C9ADFD80019C955 /* BaseViewAction.swift in Sources */ = {isa = PBXBuildFile; fileRef = 0C2B8C4E2C9ADFD80019C955 /* BaseViewAction.swift */; };
		0C2B8C522C9ADFD80019C955 /* BaseViewModel.swift in Sources */ = {isa = PBXBuildFile; fileRef = 0C2B8C4F2C9ADFD80019C955 /* BaseViewModel.swift */; };
		0C2B8C5B2C9AE0FE0019C955 /* WatchListView.swift in Sources */ = {isa = PBXBuildFile; fileRef = 0C2B8C5A2C9AE0FE0019C955 /* WatchListView.swift */; };
		0C2B8C5D2C9AE1030019C955 /* HomeView.swift in Sources */ = {isa = PBXBuildFile; fileRef = 0C2B8C5C2C9AE1030019C955 /* HomeView.swift */; };
		0C2B8C5F2C9AE10B0019C955 /* SearchView.swift in Sources */ = {isa = PBXBuildFile; fileRef = 0C2B8C5E2C9AE10B0019C955 /* SearchView.swift */; };
		0C2B8C652C9AE1140019C955 /* MainView.swift in Sources */ = {isa = PBXBuildFile; fileRef = 0C2B8C612C9AE1140019C955 /* MainView.swift */; };
		0C2B8C6A2C9AE1340019C955 /* ApplicationTab.swift in Sources */ = {isa = PBXBuildFile; fileRef = 0C2B8C692C9AE1340019C955 /* ApplicationTab.swift */; };
		0C2B8C6D2C9AE8DE0019C955 /* MovieRepository.swift in Sources */ = {isa = PBXBuildFile; fileRef = 0C2B8C6C2C9AE8DE0019C955 /* MovieRepository.swift */; };
		0C2B8C702C9AE90A0019C955 /* MovieMapper.swift in Sources */ = {isa = PBXBuildFile; fileRef = 0C2B8C6F2C9AE90A0019C955 /* MovieMapper.swift */; };
		0C2B8C732C9AE9310019C955 /* Movie.swift in Sources */ = {isa = PBXBuildFile; fileRef = 0C2B8C712C9AE9310019C955 /* Movie.swift */; };
		0C2B8C742C9AE9310019C955 /* MoviePage.swift in Sources */ = {isa = PBXBuildFile; fileRef = 0C2B8C722C9AE9310019C955 /* MoviePage.swift */; };
		0C2B8C772C9AE9690019C955 /* RepositoryResult.swift in Sources */ = {isa = PBXBuildFile; fileRef = 0C2B8C762C9AE9690019C955 /* RepositoryResult.swift */; };
		0C2B8C7B2C9AE99E0019C955 /* Network+Injection.swift in Sources */ = {isa = PBXBuildFile; fileRef = 0C2B8C792C9AE99E0019C955 /* Network+Injection.swift */; };
		0C2B8C7C2C9AE99E0019C955 /* Movies+Injection.swift in Sources */ = {isa = PBXBuildFile; fileRef = 0C2B8C7A2C9AE99E0019C955 /* Movies+Injection.swift */; };
		0C2B8C852C9AEA110019C955 /* MoviePageDTO.swift in Sources */ = {isa = PBXBuildFile; fileRef = 0C2B8C832C9AEA110019C955 /* MoviePageDTO.swift */; };
		0C2B8C862C9AEA110019C955 /* MovieDTO.swift in Sources */ = {isa = PBXBuildFile; fileRef = 0C2B8C842C9AEA110019C955 /* MovieDTO.swift */; };
		0C2B8C892C9AEA180019C955 /* MovieAPIService.swift in Sources */ = {isa = PBXBuildFile; fileRef = 0C2B8C872C9AEA180019C955 /* MovieAPIService.swift */; };
		0C2B8C8A2C9AEA180019C955 /* MovieRequest.swift in Sources */ = {isa = PBXBuildFile; fileRef = 0C2B8C882C9AEA180019C955 /* MovieRequest.swift */; };
		0C2B8C912C9AEA300019C955 /* NetworkError.swift in Sources */ = {isa = PBXBuildFile; fileRef = 0C2B8C8F2C9AEA300019C955 /* NetworkError.swift */; };
		0C2B8C922C9AEA300019C955 /* NetworkErrorFactory.swift in Sources */ = {isa = PBXBuildFile; fileRef = 0C2B8C902C9AEA300019C955 /* NetworkErrorFactory.swift */; };
		0C2B8C982C9AEA3C0019C955 /* RequestFactory.swift in Sources */ = {isa = PBXBuildFile; fileRef = 0C2B8C932C9AEA3B0019C955 /* RequestFactory.swift */; };
		0C2B8C992C9AEA3C0019C955 /* HTTPRequest.swift in Sources */ = {isa = PBXBuildFile; fileRef = 0C2B8C942C9AEA3B0019C955 /* HTTPRequest.swift */; };
		0C2B8C9A2C9AEA3C0019C955 /* NetworkConstants.swift in Sources */ = {isa = PBXBuildFile; fileRef = 0C2B8C952C9AEA3C0019C955 /* NetworkConstants.swift */; };
		0C2B8C9B2C9AEA3C0019C955 /* NetworkDispatcher.swift in Sources */ = {isa = PBXBuildFile; fileRef = 0C2B8C962C9AEA3C0019C955 /* NetworkDispatcher.swift */; };
		0C2B8C9C2C9AEA3C0019C955 /* ResponseParser.swift in Sources */ = {isa = PBXBuildFile; fileRef = 0C2B8C972C9AEA3C0019C955 /* ResponseParser.swift */; };
		0C2B8C9F2C9AF45F0019C955 /* MovieStorage.swift in Sources */ = {isa = PBXBuildFile; fileRef = 0C2B8C9E2C9AF45F0019C955 /* MovieStorage.swift */; };
		0C2B8CA72C9AF5B40019C955 /* RealmSwift in Frameworks */ = {isa = PBXBuildFile; productRef = 0C2B8CA62C9AF5B40019C955 /* RealmSwift */; };
		0C2B8CAA2C9AF6130019C955 /* MovieDAO.swift in Sources */ = {isa = PBXBuildFile; fileRef = 0C2B8CA92C9AF6130019C955 /* MovieDAO.swift */; };
		0C2B8CAC2C9AFF990019C955 /* RealmProvider.swift in Sources */ = {isa = PBXBuildFile; fileRef = 0C2B8CAB2C9AFF990019C955 /* RealmProvider.swift */; };
		0C2B8CAE2C9AFFD90019C955 /* Storage+Injection.swift in Sources */ = {isa = PBXBuildFile; fileRef = 0C2B8CAD2C9AFFD90019C955 /* Storage+Injection.swift */; };
		0C2B8CB12C9B02940019C955 /* StorageError.swift in Sources */ = {isa = PBXBuildFile; fileRef = 0C2B8CB02C9B02940019C955 /* StorageError.swift */; };
		0C2B8CB32C9B02F20019C955 /* Results+Extensions.swift in Sources */ = {isa = PBXBuildFile; fileRef = 0C2B8CB22C9B02F20019C955 /* Results+Extensions.swift */; };
		0C2B8CBE2C9B24BE0019C955 /* ListDAO.swift in Sources */ = {isa = PBXBuildFile; fileRef = 0C2B8CBD2C9B24BE0019C955 /* ListDAO.swift */; };
		0C2B8CC02C9B25890019C955 /* ListStorage.swift in Sources */ = {isa = PBXBuildFile; fileRef = 0C2B8CBF2C9B25890019C955 /* ListStorage.swift */; };
		0C7F43382C9F20AF0048891E /* Toast.swift in Sources */ = {isa = PBXBuildFile; fileRef = 0C7F43372C9F20AF0048891E /* Toast.swift */; };
		0C7F433A2C9F21800048891E /* ToastModifier.swift in Sources */ = {isa = PBXBuildFile; fileRef = 0C7F43392C9F21800048891E /* ToastModifier.swift */; };
		0C7F433C2C9F21A20048891E /* ToastView.swift in Sources */ = {isa = PBXBuildFile; fileRef = 0C7F433B2C9F21A20048891E /* ToastView.swift */; };
		0C7F433D2C9F2AD10048891E /* RealmSwift in Embed Frameworks */ = {isa = PBXBuildFile; productRef = 0C2B8CA62C9AF5B40019C955 /* RealmSwift */; settings = {ATTRIBUTES = (CodeSignOnCopy, ); }; };
		0CA0F0522C9859A400569EBC /* FilmFinderApp.swift in Sources */ = {isa = PBXBuildFile; fileRef = 0CA0F0512C9859A400569EBC /* FilmFinderApp.swift */; };
		0CA0F0562C9859A500569EBC /* Assets.xcassets in Resources */ = {isa = PBXBuildFile; fileRef = 0CA0F0552C9859A500569EBC /* Assets.xcassets */; };
		0CA0F05A2C9859A500569EBC /* Preview Assets.xcassets in Resources */ = {isa = PBXBuildFile; fileRef = 0CA0F0592C9859A500569EBC /* Preview Assets.xcassets */; };
		0CA0F0632C985DC800569EBC /* Launch Screen.storyboard in Resources */ = {isa = PBXBuildFile; fileRef = 0CA0F0622C985DC800569EBC /* Launch Screen.storyboard */; };
		0CA0F0B72C98C61800569EBC /* Localizable.strings in Resources */ = {isa = PBXBuildFile; fileRef = 0CA0F0B52C98C61800569EBC /* Localizable.strings */; };
		0CA0F0B92C98C6C900569EBC /* Colors.xcassets in Resources */ = {isa = PBXBuildFile; fileRef = 0CA0F0B82C98C6C900569EBC /* Colors.xcassets */; };
		0CA0F0BB2C98C6E100569EBC /* Images.xcassets in Resources */ = {isa = PBXBuildFile; fileRef = 0CA0F0BA2C98C6E100569EBC /* Images.xcassets */; };
		0CCEB7242C9B512100B8D071 /* MovieCardView.swift in Sources */ = {isa = PBXBuildFile; fileRef = 0CCEB7232C9B512100B8D071 /* MovieCardView.swift */; };
		0CCEB7262C9B522A00B8D071 /* RatingView.swift in Sources */ = {isa = PBXBuildFile; fileRef = 0CCEB7252C9B522A00B8D071 /* RatingView.swift */; };
		0CCEB7282C9B558100B8D071 /* HomeViewModel.swift in Sources */ = {isa = PBXBuildFile; fileRef = 0CCEB7272C9B558100B8D071 /* HomeViewModel.swift */; };
		0CCEB72A2C9B558F00B8D071 /* HomeViewState.swift in Sources */ = {isa = PBXBuildFile; fileRef = 0CCEB7292C9B558F00B8D071 /* HomeViewState.swift */; };
		0CCEB72C2C9B559F00B8D071 /* HomeViewAction.swift in Sources */ = {isa = PBXBuildFile; fileRef = 0CCEB72B2C9B559F00B8D071 /* HomeViewAction.swift */; };
		0CCEB7312C9B6CE200B8D071 /* NukeUI in Frameworks */ = {isa = PBXBuildFile; productRef = 0CCEB7302C9B6CE200B8D071 /* NukeUI */; };
		0CCEB7342C9B73A100B8D071 /* TextStyle.swift in Sources */ = {isa = PBXBuildFile; fileRef = 0CCEB7332C9B73A100B8D071 /* TextStyle.swift */; };
		0CCEB7362C9B73C300B8D071 /* FontWeight.swift in Sources */ = {isa = PBXBuildFile; fileRef = 0CCEB7352C9B73C300B8D071 /* FontWeight.swift */; };
		0CCEB73A2C9B75A500B8D071 /* Strings+Generated.swift in Sources */ = {isa = PBXBuildFile; fileRef = 0CCEB7372C9B75A500B8D071 /* Strings+Generated.swift */; };
		0CCEB73B2C9B75A500B8D071 /* Colors+Generated.swift in Sources */ = {isa = PBXBuildFile; fileRef = 0CCEB7382C9B75A500B8D071 /* Colors+Generated.swift */; };
		0CCEB73C2C9B75A500B8D071 /* Images+Generated.swift in Sources */ = {isa = PBXBuildFile; fileRef = 0CCEB7392C9B75A500B8D071 /* Images+Generated.swift */; };
		0CCEB73E2C9B762100B8D071 /* Text+Extension.swift in Sources */ = {isa = PBXBuildFile; fileRef = 0CCEB73D2C9B762100B8D071 /* Text+Extension.swift */; };
		0CCEB7402C9B825900B8D071 /* CachedAsyncImage.swift in Sources */ = {isa = PBXBuildFile; fileRef = 0CCEB73F2C9B825900B8D071 /* CachedAsyncImage.swift */; };
		0CCEB7422C9B82F600B8D071 /* View+Extensions.swift in Sources */ = {isa = PBXBuildFile; fileRef = 0CCEB7412C9B82F600B8D071 /* View+Extensions.swift */; };
		0CCEB7472C9C2CB800B8D071 /* MovieDetailsView.swift in Sources */ = {isa = PBXBuildFile; fileRef = 0CCEB7462C9C2CB800B8D071 /* MovieDetailsView.swift */; };
		0CCEB7492C9C2E1A00B8D071 /* Navigation+Injection.swift in Sources */ = {isa = PBXBuildFile; fileRef = 0CCEB7482C9C2E1A00B8D071 /* Navigation+Injection.swift */; };
		0CCEB74C2C9C2E7800B8D071 /* HomeRouter.swift in Sources */ = {isa = PBXBuildFile; fileRef = 0CCEB74B2C9C2E7800B8D071 /* HomeRouter.swift */; };
		0CCEB74E2C9C2E9A00B8D071 /* BaseRoute.swift in Sources */ = {isa = PBXBuildFile; fileRef = 0CCEB74D2C9C2E9A00B8D071 /* BaseRoute.swift */; };
		0CCEB7502C9C317600B8D071 /* MovieDetailsViewModel.swift in Sources */ = {isa = PBXBuildFile; fileRef = 0CCEB74F2C9C317600B8D071 /* MovieDetailsViewModel.swift */; };
		0CCEB7542C9C31A600B8D071 /* MovieDetailsViewState.swift in Sources */ = {isa = PBXBuildFile; fileRef = 0CCEB7532C9C31A600B8D071 /* MovieDetailsViewState.swift */; };
		0CCEB7562C9C31D700B8D071 /* MovieDetailsViewAction.swift in Sources */ = {isa = PBXBuildFile; fileRef = 0CCEB7552C9C31D700B8D071 /* MovieDetailsViewAction.swift */; };
		0CCEB7582C9C351F00B8D071 /* AsyncButton.swift in Sources */ = {isa = PBXBuildFile; fileRef = 0CCEB7572C9C351F00B8D071 /* AsyncButton.swift */; };
		0CDF22F22C9C8A3900D154DC /* PersonDTO.swift in Sources */ = {isa = PBXBuildFile; fileRef = 0CDF22F12C9C8A3900D154DC /* PersonDTO.swift */; };
		0CDF22F42C9C8A4100D154DC /* CreditsDTO.swift in Sources */ = {isa = PBXBuildFile; fileRef = 0CDF22F32C9C8A4100D154DC /* CreditsDTO.swift */; };
		0CDF22F62C9C8E1A00D154DC /* Person.swift in Sources */ = {isa = PBXBuildFile; fileRef = 0CDF22F52C9C8E1A00D154DC /* Person.swift */; };
		0CDF22F82C9C8E4800D154DC /* PersonMapper.swift in Sources */ = {isa = PBXBuildFile; fileRef = 0CDF22F72C9C8E4800D154DC /* PersonMapper.swift */; };
		0CDF22FA2C9C922700D154DC /* PersonDAO.swift in Sources */ = {isa = PBXBuildFile; fileRef = 0CDF22F92C9C922700D154DC /* PersonDAO.swift */; };
		0CDF22FC2C9CA45D00D154DC /* MovieDetailsDAO.swift in Sources */ = {isa = PBXBuildFile; fileRef = 0CDF22FB2C9CA45D00D154DC /* MovieDetailsDAO.swift */; };
		0CDF22FE2C9CA46D00D154DC /* MovieDetails.swift in Sources */ = {isa = PBXBuildFile; fileRef = 0CDF22FD2C9CA46D00D154DC /* MovieDetails.swift */; };
		0CDF23002C9CA5BA00D154DC /* BaseStorage.swift in Sources */ = {isa = PBXBuildFile; fileRef = 0CDF22FF2C9CA5BA00D154DC /* BaseStorage.swift */; };
		0CDF23022C9CA5CC00D154DC /* MovieDetailsStorage.swift in Sources */ = {isa = PBXBuildFile; fileRef = 0CDF23012C9CA5CC00D154DC /* MovieDetailsStorage.swift */; };
		0CDF23042C9CA60300D154DC /* MovieDetailsMapper.swift in Sources */ = {isa = PBXBuildFile; fileRef = 0CDF23032C9CA60300D154DC /* MovieDetailsMapper.swift */; };
		0CDF23062C9CB69000D154DC /* ActorView.swift in Sources */ = {isa = PBXBuildFile; fileRef = 0CDF23052C9CB69000D154DC /* ActorView.swift */; };
		0CDF23082C9CB9C900D154DC /* Array+Extensions.swift in Sources */ = {isa = PBXBuildFile; fileRef = 0CDF23072C9CB9C900D154DC /* Array+Extensions.swift */; };
		0CDF230A2C9DE4FA00D154DC /* ListType.swift in Sources */ = {isa = PBXBuildFile; fileRef = 0CDF23092C9DE4FA00D154DC /* ListType.swift */; };
		0CDF230D2C9E104200D154DC /* Shimmer.swift in Sources */ = {isa = PBXBuildFile; fileRef = 0CDF230C2C9E104200D154DC /* Shimmer.swift */; };
		0CDF230F2C9ED75600D154DC /* SearchViewModel.swift in Sources */ = {isa = PBXBuildFile; fileRef = 0CDF230E2C9ED75600D154DC /* SearchViewModel.swift */; };
		0CDF23112C9ED76000D154DC /* SearchViewAction.swift in Sources */ = {isa = PBXBuildFile; fileRef = 0CDF23102C9ED76000D154DC /* SearchViewAction.swift */; };
		0CDF23132C9ED76B00D154DC /* SearchViewState.swift in Sources */ = {isa = PBXBuildFile; fileRef = 0CDF23122C9ED76B00D154DC /* SearchViewState.swift */; };
		0CDF23152C9EEA4400D154DC /* SearchRouter.swift in Sources */ = {isa = PBXBuildFile; fileRef = 0CDF23142C9EEA4400D154DC /* SearchRouter.swift */; };
		0CDF23172C9F00F200D154DC /* MainViewModel.swift in Sources */ = {isa = PBXBuildFile; fileRef = 0CDF23162C9F00F200D154DC /* MainViewModel.swift */; };
/* End PBXBuildFile section */

/* Begin PBXCopyFilesBuildPhase section */
		0C7F433E2C9F2AD10048891E /* Embed Frameworks */ = {
			isa = PBXCopyFilesBuildPhase;
			buildActionMask = 2147483647;
			dstPath = "";
			dstSubfolderSpec = 10;
			files = (
				0C7F433D2C9F2AD10048891E /* RealmSwift in Embed Frameworks */,
			);
			name = "Embed Frameworks";
			runOnlyForDeploymentPostprocessing = 0;
		};
/* End PBXCopyFilesBuildPhase section */

/* Begin PBXFileReference section */
		0C2B8C3F2C9ADC780019C955 /* String+Extensions.swift */ = {isa = PBXFileReference; lastKnownFileType = sourcecode.swift; path = "String+Extensions.swift"; sourceTree = "<group>"; };
		0C2B8C412C9ADC8A0019C955 /* UIDevice+Extensions.swift */ = {isa = PBXFileReference; lastKnownFileType = sourcecode.swift; path = "UIDevice+Extensions.swift"; sourceTree = "<group>"; };
		0C2B8C4D2C9ADFD80019C955 /* BaseViewState.swift */ = {isa = PBXFileReference; fileEncoding = 4; lastKnownFileType = sourcecode.swift; path = BaseViewState.swift; sourceTree = "<group>"; };
		0C2B8C4E2C9ADFD80019C955 /* BaseViewAction.swift */ = {isa = PBXFileReference; fileEncoding = 4; lastKnownFileType = sourcecode.swift; path = BaseViewAction.swift; sourceTree = "<group>"; };
		0C2B8C4F2C9ADFD80019C955 /* BaseViewModel.swift */ = {isa = PBXFileReference; fileEncoding = 4; lastKnownFileType = sourcecode.swift; path = BaseViewModel.swift; sourceTree = "<group>"; };
		0C2B8C5A2C9AE0FE0019C955 /* WatchListView.swift */ = {isa = PBXFileReference; fileEncoding = 4; lastKnownFileType = sourcecode.swift; path = WatchListView.swift; sourceTree = "<group>"; };
		0C2B8C5C2C9AE1030019C955 /* HomeView.swift */ = {isa = PBXFileReference; fileEncoding = 4; lastKnownFileType = sourcecode.swift; path = HomeView.swift; sourceTree = "<group>"; };
		0C2B8C5E2C9AE10B0019C955 /* SearchView.swift */ = {isa = PBXFileReference; fileEncoding = 4; lastKnownFileType = sourcecode.swift; path = SearchView.swift; sourceTree = "<group>"; };
		0C2B8C612C9AE1140019C955 /* MainView.swift */ = {isa = PBXFileReference; fileEncoding = 4; lastKnownFileType = sourcecode.swift; path = MainView.swift; sourceTree = "<group>"; };
		0C2B8C692C9AE1340019C955 /* ApplicationTab.swift */ = {isa = PBXFileReference; lastKnownFileType = sourcecode.swift; path = ApplicationTab.swift; sourceTree = "<group>"; };
		0C2B8C6C2C9AE8DE0019C955 /* MovieRepository.swift */ = {isa = PBXFileReference; lastKnownFileType = sourcecode.swift; path = MovieRepository.swift; sourceTree = "<group>"; };
		0C2B8C6F2C9AE90A0019C955 /* MovieMapper.swift */ = {isa = PBXFileReference; lastKnownFileType = sourcecode.swift; path = MovieMapper.swift; sourceTree = "<group>"; };
		0C2B8C712C9AE9310019C955 /* Movie.swift */ = {isa = PBXFileReference; fileEncoding = 4; lastKnownFileType = sourcecode.swift; path = Movie.swift; sourceTree = "<group>"; };
		0C2B8C722C9AE9310019C955 /* MoviePage.swift */ = {isa = PBXFileReference; fileEncoding = 4; lastKnownFileType = sourcecode.swift; path = MoviePage.swift; sourceTree = "<group>"; };
		0C2B8C762C9AE9690019C955 /* RepositoryResult.swift */ = {isa = PBXFileReference; fileEncoding = 4; lastKnownFileType = sourcecode.swift; path = RepositoryResult.swift; sourceTree = "<group>"; };
		0C2B8C792C9AE99E0019C955 /* Network+Injection.swift */ = {isa = PBXFileReference; fileEncoding = 4; lastKnownFileType = sourcecode.swift; path = "Network+Injection.swift"; sourceTree = "<group>"; };
		0C2B8C7A2C9AE99E0019C955 /* Movies+Injection.swift */ = {isa = PBXFileReference; fileEncoding = 4; lastKnownFileType = sourcecode.swift; path = "Movies+Injection.swift"; sourceTree = "<group>"; };
		0C2B8C832C9AEA110019C955 /* MoviePageDTO.swift */ = {isa = PBXFileReference; fileEncoding = 4; lastKnownFileType = sourcecode.swift; path = MoviePageDTO.swift; sourceTree = "<group>"; };
		0C2B8C842C9AEA110019C955 /* MovieDTO.swift */ = {isa = PBXFileReference; fileEncoding = 4; lastKnownFileType = sourcecode.swift; path = MovieDTO.swift; sourceTree = "<group>"; };
		0C2B8C872C9AEA180019C955 /* MovieAPIService.swift */ = {isa = PBXFileReference; fileEncoding = 4; lastKnownFileType = sourcecode.swift; path = MovieAPIService.swift; sourceTree = "<group>"; };
		0C2B8C882C9AEA180019C955 /* MovieRequest.swift */ = {isa = PBXFileReference; fileEncoding = 4; lastKnownFileType = sourcecode.swift; path = MovieRequest.swift; sourceTree = "<group>"; };
		0C2B8C8F2C9AEA300019C955 /* NetworkError.swift */ = {isa = PBXFileReference; fileEncoding = 4; lastKnownFileType = sourcecode.swift; path = NetworkError.swift; sourceTree = "<group>"; };
		0C2B8C902C9AEA300019C955 /* NetworkErrorFactory.swift */ = {isa = PBXFileReference; fileEncoding = 4; lastKnownFileType = sourcecode.swift; path = NetworkErrorFactory.swift; sourceTree = "<group>"; };
		0C2B8C932C9AEA3B0019C955 /* RequestFactory.swift */ = {isa = PBXFileReference; fileEncoding = 4; lastKnownFileType = sourcecode.swift; path = RequestFactory.swift; sourceTree = "<group>"; };
		0C2B8C942C9AEA3B0019C955 /* HTTPRequest.swift */ = {isa = PBXFileReference; fileEncoding = 4; lastKnownFileType = sourcecode.swift; path = HTTPRequest.swift; sourceTree = "<group>"; };
		0C2B8C952C9AEA3C0019C955 /* NetworkConstants.swift */ = {isa = PBXFileReference; fileEncoding = 4; lastKnownFileType = sourcecode.swift; path = NetworkConstants.swift; sourceTree = "<group>"; };
		0C2B8C962C9AEA3C0019C955 /* NetworkDispatcher.swift */ = {isa = PBXFileReference; fileEncoding = 4; lastKnownFileType = sourcecode.swift; path = NetworkDispatcher.swift; sourceTree = "<group>"; };
		0C2B8C972C9AEA3C0019C955 /* ResponseParser.swift */ = {isa = PBXFileReference; fileEncoding = 4; lastKnownFileType = sourcecode.swift; path = ResponseParser.swift; sourceTree = "<group>"; };
		0C2B8C9E2C9AF45F0019C955 /* MovieStorage.swift */ = {isa = PBXFileReference; lastKnownFileType = sourcecode.swift; path = MovieStorage.swift; sourceTree = "<group>"; };
		0C2B8CA92C9AF6130019C955 /* MovieDAO.swift */ = {isa = PBXFileReference; lastKnownFileType = sourcecode.swift; path = MovieDAO.swift; sourceTree = "<group>"; };
		0C2B8CAB2C9AFF990019C955 /* RealmProvider.swift */ = {isa = PBXFileReference; lastKnownFileType = sourcecode.swift; path = RealmProvider.swift; sourceTree = "<group>"; };
		0C2B8CAD2C9AFFD90019C955 /* Storage+Injection.swift */ = {isa = PBXFileReference; lastKnownFileType = sourcecode.swift; path = "Storage+Injection.swift"; sourceTree = "<group>"; };
		0C2B8CB02C9B02940019C955 /* StorageError.swift */ = {isa = PBXFileReference; lastKnownFileType = sourcecode.swift; path = StorageError.swift; sourceTree = "<group>"; };
		0C2B8CB22C9B02F20019C955 /* Results+Extensions.swift */ = {isa = PBXFileReference; lastKnownFileType = sourcecode.swift; path = "Results+Extensions.swift"; sourceTree = "<group>"; };
		0C2B8CBD2C9B24BE0019C955 /* ListDAO.swift */ = {isa = PBXFileReference; lastKnownFileType = sourcecode.swift; path = ListDAO.swift; sourceTree = "<group>"; };
		0C2B8CBF2C9B25890019C955 /* ListStorage.swift */ = {isa = PBXFileReference; lastKnownFileType = sourcecode.swift; path = ListStorage.swift; sourceTree = "<group>"; };
		0C7F43372C9F20AF0048891E /* Toast.swift */ = {isa = PBXFileReference; lastKnownFileType = sourcecode.swift; path = Toast.swift; sourceTree = "<group>"; };
		0C7F43392C9F21800048891E /* ToastModifier.swift */ = {isa = PBXFileReference; lastKnownFileType = sourcecode.swift; path = ToastModifier.swift; sourceTree = "<group>"; };
		0C7F433B2C9F21A20048891E /* ToastView.swift */ = {isa = PBXFileReference; lastKnownFileType = sourcecode.swift; path = ToastView.swift; sourceTree = "<group>"; };
		0CA0F04E2C9859A400569EBC /* FilmFinder.app */ = {isa = PBXFileReference; explicitFileType = wrapper.application; includeInIndex = 0; path = FilmFinder.app; sourceTree = BUILT_PRODUCTS_DIR; };
		0CA0F0512C9859A400569EBC /* FilmFinderApp.swift */ = {isa = PBXFileReference; lastKnownFileType = sourcecode.swift; path = FilmFinderApp.swift; sourceTree = "<group>"; };
		0CA0F0552C9859A500569EBC /* Assets.xcassets */ = {isa = PBXFileReference; lastKnownFileType = folder.assetcatalog; path = Assets.xcassets; sourceTree = "<group>"; };
		0CA0F0572C9859A500569EBC /* FilmFinder.entitlements */ = {isa = PBXFileReference; lastKnownFileType = text.plist.entitlements; path = FilmFinder.entitlements; sourceTree = "<group>"; };
		0CA0F0592C9859A500569EBC /* Preview Assets.xcassets */ = {isa = PBXFileReference; lastKnownFileType = folder.assetcatalog; path = "Preview Assets.xcassets"; sourceTree = "<group>"; };
		0CA0F0622C985DC800569EBC /* Launch Screen.storyboard */ = {isa = PBXFileReference; lastKnownFileType = file.storyboard; path = "Launch Screen.storyboard"; sourceTree = "<group>"; };
		0CA0F0B62C98C61800569EBC /* en */ = {isa = PBXFileReference; lastKnownFileType = text.plist.strings; name = en; path = en.lproj/Localizable.strings; sourceTree = "<group>"; };
		0CA0F0B82C98C6C900569EBC /* Colors.xcassets */ = {isa = PBXFileReference; lastKnownFileType = folder.assetcatalog; path = Colors.xcassets; sourceTree = "<group>"; };
		0CA0F0BA2C98C6E100569EBC /* Images.xcassets */ = {isa = PBXFileReference; lastKnownFileType = folder.assetcatalog; path = Images.xcassets; sourceTree = "<group>"; };
		0CCEB7232C9B512100B8D071 /* MovieCardView.swift */ = {isa = PBXFileReference; lastKnownFileType = sourcecode.swift; path = MovieCardView.swift; sourceTree = "<group>"; };
		0CCEB7252C9B522A00B8D071 /* RatingView.swift */ = {isa = PBXFileReference; lastKnownFileType = sourcecode.swift; path = RatingView.swift; sourceTree = "<group>"; };
		0CCEB7272C9B558100B8D071 /* HomeViewModel.swift */ = {isa = PBXFileReference; lastKnownFileType = sourcecode.swift; path = HomeViewModel.swift; sourceTree = "<group>"; };
		0CCEB7292C9B558F00B8D071 /* HomeViewState.swift */ = {isa = PBXFileReference; lastKnownFileType = sourcecode.swift; path = HomeViewState.swift; sourceTree = "<group>"; };
		0CCEB72B2C9B559F00B8D071 /* HomeViewAction.swift */ = {isa = PBXFileReference; lastKnownFileType = sourcecode.swift; path = HomeViewAction.swift; sourceTree = "<group>"; };
		0CCEB7332C9B73A100B8D071 /* TextStyle.swift */ = {isa = PBXFileReference; lastKnownFileType = sourcecode.swift; path = TextStyle.swift; sourceTree = "<group>"; };
		0CCEB7352C9B73C300B8D071 /* FontWeight.swift */ = {isa = PBXFileReference; lastKnownFileType = sourcecode.swift; path = FontWeight.swift; sourceTree = "<group>"; };
		0CCEB7372C9B75A500B8D071 /* Strings+Generated.swift */ = {isa = PBXFileReference; fileEncoding = 4; lastKnownFileType = sourcecode.swift; path = "Strings+Generated.swift"; sourceTree = "<group>"; };
		0CCEB7382C9B75A500B8D071 /* Colors+Generated.swift */ = {isa = PBXFileReference; fileEncoding = 4; lastKnownFileType = sourcecode.swift; path = "Colors+Generated.swift"; sourceTree = "<group>"; };
		0CCEB7392C9B75A500B8D071 /* Images+Generated.swift */ = {isa = PBXFileReference; fileEncoding = 4; lastKnownFileType = sourcecode.swift; path = "Images+Generated.swift"; sourceTree = "<group>"; };
		0CCEB73D2C9B762100B8D071 /* Text+Extension.swift */ = {isa = PBXFileReference; lastKnownFileType = sourcecode.swift; path = "Text+Extension.swift"; sourceTree = "<group>"; };
		0CCEB73F2C9B825900B8D071 /* CachedAsyncImage.swift */ = {isa = PBXFileReference; lastKnownFileType = sourcecode.swift; path = CachedAsyncImage.swift; sourceTree = "<group>"; };
		0CCEB7412C9B82F600B8D071 /* View+Extensions.swift */ = {isa = PBXFileReference; lastKnownFileType = sourcecode.swift; path = "View+Extensions.swift"; sourceTree = "<group>"; };
		0CCEB7462C9C2CB800B8D071 /* MovieDetailsView.swift */ = {isa = PBXFileReference; lastKnownFileType = sourcecode.swift; path = MovieDetailsView.swift; sourceTree = "<group>"; };
		0CCEB7482C9C2E1A00B8D071 /* Navigation+Injection.swift */ = {isa = PBXFileReference; lastKnownFileType = sourcecode.swift; path = "Navigation+Injection.swift"; sourceTree = "<group>"; };
		0CCEB74B2C9C2E7800B8D071 /* HomeRouter.swift */ = {isa = PBXFileReference; lastKnownFileType = sourcecode.swift; path = HomeRouter.swift; sourceTree = "<group>"; };
		0CCEB74D2C9C2E9A00B8D071 /* BaseRoute.swift */ = {isa = PBXFileReference; lastKnownFileType = sourcecode.swift; path = BaseRoute.swift; sourceTree = "<group>"; };
		0CCEB74F2C9C317600B8D071 /* MovieDetailsViewModel.swift */ = {isa = PBXFileReference; lastKnownFileType = sourcecode.swift; path = MovieDetailsViewModel.swift; sourceTree = "<group>"; };
		0CCEB7532C9C31A600B8D071 /* MovieDetailsViewState.swift */ = {isa = PBXFileReference; lastKnownFileType = sourcecode.swift; path = MovieDetailsViewState.swift; sourceTree = "<group>"; };
		0CCEB7552C9C31D700B8D071 /* MovieDetailsViewAction.swift */ = {isa = PBXFileReference; fileEncoding = 4; lastKnownFileType = sourcecode.swift; path = MovieDetailsViewAction.swift; sourceTree = "<group>"; };
		0CCEB7572C9C351F00B8D071 /* AsyncButton.swift */ = {isa = PBXFileReference; lastKnownFileType = sourcecode.swift; path = AsyncButton.swift; sourceTree = "<group>"; };
		0CDF22F12C9C8A3900D154DC /* PersonDTO.swift */ = {isa = PBXFileReference; lastKnownFileType = sourcecode.swift; path = PersonDTO.swift; sourceTree = "<group>"; };
		0CDF22F32C9C8A4100D154DC /* CreditsDTO.swift */ = {isa = PBXFileReference; lastKnownFileType = sourcecode.swift; path = CreditsDTO.swift; sourceTree = "<group>"; };
		0CDF22F52C9C8E1A00D154DC /* Person.swift */ = {isa = PBXFileReference; lastKnownFileType = sourcecode.swift; path = Person.swift; sourceTree = "<group>"; };
		0CDF22F72C9C8E4800D154DC /* PersonMapper.swift */ = {isa = PBXFileReference; lastKnownFileType = sourcecode.swift; path = PersonMapper.swift; sourceTree = "<group>"; };
		0CDF22F92C9C922700D154DC /* PersonDAO.swift */ = {isa = PBXFileReference; lastKnownFileType = sourcecode.swift; path = PersonDAO.swift; sourceTree = "<group>"; };
		0CDF22FB2C9CA45D00D154DC /* MovieDetailsDAO.swift */ = {isa = PBXFileReference; lastKnownFileType = sourcecode.swift; path = MovieDetailsDAO.swift; sourceTree = "<group>"; };
		0CDF22FD2C9CA46D00D154DC /* MovieDetails.swift */ = {isa = PBXFileReference; lastKnownFileType = sourcecode.swift; path = MovieDetails.swift; sourceTree = "<group>"; };
		0CDF22FF2C9CA5BA00D154DC /* BaseStorage.swift */ = {isa = PBXFileReference; lastKnownFileType = sourcecode.swift; path = BaseStorage.swift; sourceTree = "<group>"; };
		0CDF23012C9CA5CC00D154DC /* MovieDetailsStorage.swift */ = {isa = PBXFileReference; lastKnownFileType = sourcecode.swift; path = MovieDetailsStorage.swift; sourceTree = "<group>"; };
		0CDF23032C9CA60300D154DC /* MovieDetailsMapper.swift */ = {isa = PBXFileReference; lastKnownFileType = sourcecode.swift; path = MovieDetailsMapper.swift; sourceTree = "<group>"; };
		0CDF23052C9CB69000D154DC /* ActorView.swift */ = {isa = PBXFileReference; lastKnownFileType = sourcecode.swift; path = ActorView.swift; sourceTree = "<group>"; };
		0CDF23072C9CB9C900D154DC /* Array+Extensions.swift */ = {isa = PBXFileReference; lastKnownFileType = sourcecode.swift; path = "Array+Extensions.swift"; sourceTree = "<group>"; };
		0CDF23092C9DE4FA00D154DC /* ListType.swift */ = {isa = PBXFileReference; lastKnownFileType = sourcecode.swift; path = ListType.swift; sourceTree = "<group>"; };
		0CDF230C2C9E104200D154DC /* Shimmer.swift */ = {isa = PBXFileReference; lastKnownFileType = sourcecode.swift; path = Shimmer.swift; sourceTree = "<group>"; };
		0CDF230E2C9ED75600D154DC /* SearchViewModel.swift */ = {isa = PBXFileReference; lastKnownFileType = sourcecode.swift; path = SearchViewModel.swift; sourceTree = "<group>"; };
		0CDF23102C9ED76000D154DC /* SearchViewAction.swift */ = {isa = PBXFileReference; lastKnownFileType = sourcecode.swift; path = SearchViewAction.swift; sourceTree = "<group>"; };
		0CDF23122C9ED76B00D154DC /* SearchViewState.swift */ = {isa = PBXFileReference; lastKnownFileType = sourcecode.swift; path = SearchViewState.swift; sourceTree = "<group>"; };
		0CDF23142C9EEA4400D154DC /* SearchRouter.swift */ = {isa = PBXFileReference; lastKnownFileType = sourcecode.swift; path = SearchRouter.swift; sourceTree = "<group>"; };
		0CDF23162C9F00F200D154DC /* MainViewModel.swift */ = {isa = PBXFileReference; lastKnownFileType = sourcecode.swift; path = MainViewModel.swift; sourceTree = "<group>"; };
/* End PBXFileReference section */

/* Begin PBXFrameworksBuildPhase section */
		0CA0F04B2C9859A400569EBC /* Frameworks */ = {
			isa = PBXFrameworksBuildPhase;
			buildActionMask = 2147483647;
			files = (
				0C2B8CA72C9AF5B40019C955 /* RealmSwift in Frameworks */,
				0C2B8C482C9ADF040019C955 /* SFSafeSymbols in Frameworks */,
				0C2B8C452C9ADEFE0019C955 /* Factory in Frameworks */,
				0CCEB7312C9B6CE200B8D071 /* NukeUI in Frameworks */,
			);
			runOnlyForDeploymentPostprocessing = 0;
		};
/* End PBXFrameworksBuildPhase section */

/* Begin PBXGroup section */
		0C2B8C3E2C9ADC5F0019C955 /* Extensions */ = {
			isa = PBXGroup;
			children = (
				0C2B8C3F2C9ADC780019C955 /* String+Extensions.swift */,
				0C2B8C412C9ADC8A0019C955 /* UIDevice+Extensions.swift */,
				0C2B8CB22C9B02F20019C955 /* Results+Extensions.swift */,
				0CCEB73D2C9B762100B8D071 /* Text+Extension.swift */,
				0CCEB7412C9B82F600B8D071 /* View+Extensions.swift */,
				0CDF23072C9CB9C900D154DC /* Array+Extensions.swift */,
			);
			path = Extensions;
			sourceTree = "<group>";
		};
		0C2B8C492C9ADFA10019C955 /* Architecture */ = {
			isa = PBXGroup;
			children = (
				0C2B8C4E2C9ADFD80019C955 /* BaseViewAction.swift */,
				0C2B8C4F2C9ADFD80019C955 /* BaseViewModel.swift */,
				0C2B8C4D2C9ADFD80019C955 /* BaseViewState.swift */,
				0CCEB74D2C9C2E9A00B8D071 /* BaseRoute.swift */,
			);
			path = Architecture;
			sourceTree = "<group>";
		};
		0C2B8C542C9AE01D0019C955 /* Stories */ = {
			isa = PBXGroup;
			children = (
				0CCEB7222C9B510D00B8D071 /* Views */,
				0C2B8C552C9AE0240019C955 /* MainView */,
				0CCEB7452C9C2C4000B8D071 /* MovieDetails */,
				0C2B8C582C9AE03A0019C955 /* Search */,
				0C2B8C572C9AE0300019C955 /* Home */,
				0C2B8C592C9AE0410019C955 /* WatchList */,
			);
			path = Stories;
			sourceTree = "<group>";
		};
		0C2B8C552C9AE0240019C955 /* MainView */ = {
			isa = PBXGroup;
			children = (
				0C2B8C612C9AE1140019C955 /* MainView.swift */,
				0CDF23162C9F00F200D154DC /* MainViewModel.swift */,
			);
			path = MainView;
			sourceTree = "<group>";
		};
		0C2B8C572C9AE0300019C955 /* Home */ = {
			isa = PBXGroup;
			children = (
				0C2B8C5C2C9AE1030019C955 /* HomeView.swift */,
				0CCEB72B2C9B559F00B8D071 /* HomeViewAction.swift */,
				0CCEB7272C9B558100B8D071 /* HomeViewModel.swift */,
				0CCEB7292C9B558F00B8D071 /* HomeViewState.swift */,
			);
			path = Home;
			sourceTree = "<group>";
		};
		0C2B8C582C9AE03A0019C955 /* Search */ = {
			isa = PBXGroup;
			children = (
				0C2B8C5E2C9AE10B0019C955 /* SearchView.swift */,
				0CDF23102C9ED76000D154DC /* SearchViewAction.swift */,
				0CDF230E2C9ED75600D154DC /* SearchViewModel.swift */,
				0CDF23122C9ED76B00D154DC /* SearchViewState.swift */,
			);
			path = Search;
			sourceTree = "<group>";
		};
		0C2B8C592C9AE0410019C955 /* WatchList */ = {
			isa = PBXGroup;
			children = (
				0C2B8C5A2C9AE0FE0019C955 /* WatchListView.swift */,
			);
			path = WatchList;
			sourceTree = "<group>";
		};
		0C2B8C682C9AE1210019C955 /* Models */ = {
			isa = PBXGroup;
			children = (
				0C7F43372C9F20AF0048891E /* Toast.swift */,
				0C2B8C692C9AE1340019C955 /* ApplicationTab.swift */,
				0C2B8C712C9AE9310019C955 /* Movie.swift */,
				0CDF22FD2C9CA46D00D154DC /* MovieDetails.swift */,
				0C2B8C722C9AE9310019C955 /* MoviePage.swift */,
				0CDF22F52C9C8E1A00D154DC /* Person.swift */,
				0CDF23092C9DE4FA00D154DC /* ListType.swift */,
			);
			path = Models;
			sourceTree = "<group>";
		};
		0C2B8C6B2C9AE8C00019C955 /* Repositories */ = {
			isa = PBXGroup;
			children = (
				0C2B8C762C9AE9690019C955 /* RepositoryResult.swift */,
				0C2B8C6C2C9AE8DE0019C955 /* MovieRepository.swift */,
			);
			path = Repositories;
			sourceTree = "<group>";
		};
		0C2B8C6E2C9AE8F10019C955 /* Mappers */ = {
			isa = PBXGroup;
			children = (
				0C2B8C6F2C9AE90A0019C955 /* MovieMapper.swift */,
				0CDF22F72C9C8E4800D154DC /* PersonMapper.swift */,
				0CDF23032C9CA60300D154DC /* MovieDetailsMapper.swift */,
			);
			path = Mappers;
			sourceTree = "<group>";
		};
		0C2B8C782C9AE98E0019C955 /* DI */ = {
			isa = PBXGroup;
			children = (
				0C2B8C7A2C9AE99E0019C955 /* Movies+Injection.swift */,
				0C2B8C792C9AE99E0019C955 /* Network+Injection.swift */,
				0C2B8CAD2C9AFFD90019C955 /* Storage+Injection.swift */,
				0CCEB7482C9C2E1A00B8D071 /* Navigation+Injection.swift */,
			);
			path = DI;
			sourceTree = "<group>";
		};
		0C2B8C7D2C9AE9AF0019C955 /* Networking */ = {
			isa = PBXGroup;
			children = (
				0C2B8C7E2C9AE9B70019C955 /* API */,
				0C2B8C942C9AEA3B0019C955 /* HTTPRequest.swift */,
				0C2B8C952C9AEA3C0019C955 /* NetworkConstants.swift */,
				0C2B8C962C9AEA3C0019C955 /* NetworkDispatcher.swift */,
				0C2B8C932C9AEA3B0019C955 /* RequestFactory.swift */,
				0C2B8C972C9AEA3C0019C955 /* ResponseParser.swift */,
			);
			path = Networking;
			sourceTree = "<group>";
		};
		0C2B8C7E2C9AE9B70019C955 /* API */ = {
			isa = PBXGroup;
			children = (
				0C2B8C812C9AE9EB0019C955 /* Movie */,
			);
			path = API;
			sourceTree = "<group>";
		};
		0C2B8C812C9AE9EB0019C955 /* Movie */ = {
			isa = PBXGroup;
			children = (
				0C2B8C822C9AE9F00019C955 /* DTO */,
				0C2B8C872C9AEA180019C955 /* MovieAPIService.swift */,
				0C2B8C882C9AEA180019C955 /* MovieRequest.swift */,
			);
			path = Movie;
			sourceTree = "<group>";
		};
		0C2B8C822C9AE9F00019C955 /* DTO */ = {
			isa = PBXGroup;
			children = (
				0C2B8C842C9AEA110019C955 /* MovieDTO.swift */,
				0C2B8C832C9AEA110019C955 /* MoviePageDTO.swift */,
				0CDF22F12C9C8A3900D154DC /* PersonDTO.swift */,
				0CDF22F32C9C8A4100D154DC /* CreditsDTO.swift */,
			);
			path = DTO;
			sourceTree = "<group>";
		};
		0C2B8C9D2C9AF3A20019C955 /* Storage */ = {
			isa = PBXGroup;
			children = (
				0C2B8CA82C9AF6090019C955 /* DAO */,
				0CDF22FF2C9CA5BA00D154DC /* BaseStorage.swift */,
				0C2B8CBF2C9B25890019C955 /* ListStorage.swift */,
				0CDF23012C9CA5CC00D154DC /* MovieDetailsStorage.swift */,
				0C2B8C9E2C9AF45F0019C955 /* MovieStorage.swift */,
				0C2B8CAB2C9AFF990019C955 /* RealmProvider.swift */,
			);
			path = Storage;
			sourceTree = "<group>";
		};
		0C2B8CA82C9AF6090019C955 /* DAO */ = {
			isa = PBXGroup;
			children = (
				0C2B8CA92C9AF6130019C955 /* MovieDAO.swift */,
				0C2B8CBD2C9B24BE0019C955 /* ListDAO.swift */,
				0CDF22F92C9C922700D154DC /* PersonDAO.swift */,
				0CDF22FB2C9CA45D00D154DC /* MovieDetailsDAO.swift */,
			);
			path = DAO;
			sourceTree = "<group>";
		};
		0C2B8CB42C9B03570019C955 /* Errors */ = {
			isa = PBXGroup;
			children = (
				0C2B8CB02C9B02940019C955 /* StorageError.swift */,
				0C2B8C8F2C9AEA300019C955 /* NetworkError.swift */,
				0C2B8C902C9AEA300019C955 /* NetworkErrorFactory.swift */,
			);
			path = Errors;
			sourceTree = "<group>";
		};
		0C7F43362C9F1F0A0048891E /* Views */ = {
			isa = PBXGroup;
			children = (
				0CCEB73F2C9B825900B8D071 /* CachedAsyncImage.swift */,
				0CCEB7572C9C351F00B8D071 /* AsyncButton.swift */,
				0C7F433B2C9F21A20048891E /* ToastView.swift */,
			);
			path = Views;
			sourceTree = "<group>";
		};
		0CA0F0452C9859A400569EBC = {
			isa = PBXGroup;
			children = (
				0CA0F0502C9859A400569EBC /* FilmFinder */,
				0CA0F04F2C9859A400569EBC /* Products */,
			);
			sourceTree = "<group>";
		};
		0CA0F04F2C9859A400569EBC /* Products */ = {
			isa = PBXGroup;
			children = (
				0CA0F04E2C9859A400569EBC /* FilmFinder.app */,
			);
			name = Products;
			sourceTree = "<group>";
		};
		0CA0F0502C9859A400569EBC /* FilmFinder */ = {
			isa = PBXGroup;
			children = (
				0CA0F0642C986B3D00569EBC /* Core */,
				0C2B8C782C9AE98E0019C955 /* DI */,
				0C2B8C6E2C9AE8F10019C955 /* Mappers */,
				0C2B8C682C9AE1210019C955 /* Models */,
				0C2B8C7D2C9AE9AF0019C955 /* Networking */,
				0C2B8C6B2C9AE8C00019C955 /* Repositories */,
				0CA0F0B42C98C5DE00569EBC /* Resources */,
				0CCEB74A2C9C2E5700B8D071 /* Routers */,
				0C2B8C9D2C9AF3A20019C955 /* Storage */,
				0C2B8C542C9AE01D0019C955 /* Stories */,
			);
			path = FilmFinder;
			sourceTree = "<group>";
		};
		0CA0F0582C9859A500569EBC /* Preview Content */ = {
			isa = PBXGroup;
			children = (
				0CA0F0592C9859A500569EBC /* Preview Assets.xcassets */,
			);
			path = "Preview Content";
			sourceTree = "<group>";
		};
		0CA0F0642C986B3D00569EBC /* Core */ = {
			isa = PBXGroup;
			children = (
				0C7F43362C9F1F0A0048891E /* Views */,
				0CDF230B2C9E103600D154DC /* ViewModifiers */,
				0CCEB7322C9B738400B8D071 /* TextStyle */,
				0C2B8CB42C9B03570019C955 /* Errors */,
				0C2B8C492C9ADFA10019C955 /* Architecture */,
				0C2B8C3E2C9ADC5F0019C955 /* Extensions */,
				0CA0F06A2C986BBA00569EBC /* Generated */,
			);
			path = Core;
			sourceTree = "<group>";
		};
		0CA0F06A2C986BBA00569EBC /* Generated */ = {
			isa = PBXGroup;
			children = (
				0CCEB7382C9B75A500B8D071 /* Colors+Generated.swift */,
				0CCEB7392C9B75A500B8D071 /* Images+Generated.swift */,
				0CCEB7372C9B75A500B8D071 /* Strings+Generated.swift */,
			);
			path = Generated;
			sourceTree = "<group>";
		};
		0CA0F0B42C98C5DE00569EBC /* Resources */ = {
			isa = PBXGroup;
			children = (
				0CA0F0582C9859A500569EBC /* Preview Content */,
				0CA0F0572C9859A500569EBC /* FilmFinder.entitlements */,
				0CA0F0552C9859A500569EBC /* Assets.xcassets */,
				0CA0F0B82C98C6C900569EBC /* Colors.xcassets */,
				0CA0F0BA2C98C6E100569EBC /* Images.xcassets */,
				0CA0F0B52C98C61800569EBC /* Localizable.strings */,
				0CA0F0622C985DC800569EBC /* Launch Screen.storyboard */,
				0CA0F0512C9859A400569EBC /* FilmFinderApp.swift */,
			);
			path = Resources;
			sourceTree = "<group>";
		};
		0CCEB7222C9B510D00B8D071 /* Views */ = {
			isa = PBXGroup;
			children = (
				0CCEB7232C9B512100B8D071 /* MovieCardView.swift */,
				0CCEB7252C9B522A00B8D071 /* RatingView.swift */,
				0CDF23052C9CB69000D154DC /* ActorView.swift */,
			);
			path = Views;
			sourceTree = "<group>";
		};
		0CCEB7322C9B738400B8D071 /* TextStyle */ = {
			isa = PBXGroup;
			children = (
				0CCEB7332C9B73A100B8D071 /* TextStyle.swift */,
				0CCEB7352C9B73C300B8D071 /* FontWeight.swift */,
			);
			path = TextStyle;
			sourceTree = "<group>";
		};
		0CCEB7452C9C2C4000B8D071 /* MovieDetails */ = {
			isa = PBXGroup;
			children = (
				0CCEB7462C9C2CB800B8D071 /* MovieDetailsView.swift */,
				0CCEB7552C9C31D700B8D071 /* MovieDetailsViewAction.swift */,
				0CCEB74F2C9C317600B8D071 /* MovieDetailsViewModel.swift */,
				0CCEB7532C9C31A600B8D071 /* MovieDetailsViewState.swift */,
			);
			path = MovieDetails;
			sourceTree = "<group>";
		};
		0CCEB74A2C9C2E5700B8D071 /* Routers */ = {
			isa = PBXGroup;
			children = (
				0CCEB74B2C9C2E7800B8D071 /* HomeRouter.swift */,
				0CDF23142C9EEA4400D154DC /* SearchRouter.swift */,
			);
			path = Routers;
			sourceTree = "<group>";
		};
		0CDF230B2C9E103600D154DC /* ViewModifiers */ = {
			isa = PBXGroup;
			children = (
				0CDF230C2C9E104200D154DC /* Shimmer.swift */,
				0C7F43392C9F21800048891E /* ToastModifier.swift */,
			);
			path = ViewModifiers;
			sourceTree = "<group>";
		};
/* End PBXGroup section */

/* Begin PBXNativeTarget section */
		0CA0F04D2C9859A400569EBC /* FilmFinder */ = {
			isa = PBXNativeTarget;
			buildConfigurationList = 0CA0F05D2C9859A500569EBC /* Build configuration list for PBXNativeTarget "FilmFinder" */;
			buildPhases = (
				0CA0F04A2C9859A400569EBC /* Sources */,
				0CA0F0BC2C98CA0F00569EBC /* SwiftGen */,
				0CA0F0B12C98B15B00569EBC /* SwiftLint */,
				0CA0F04B2C9859A400569EBC /* Frameworks */,
				0CA0F04C2C9859A400569EBC /* Resources */,
				0C7F433E2C9F2AD10048891E /* Embed Frameworks */,
			);
			buildRules = (
			);
			dependencies = (
			);
			name = FilmFinder;
			packageProductDependencies = (
				0C2B8C442C9ADEFE0019C955 /* Factory */,
				0C2B8C472C9ADF040019C955 /* SFSafeSymbols */,
				0C2B8CA62C9AF5B40019C955 /* RealmSwift */,
				0CCEB7302C9B6CE200B8D071 /* NukeUI */,
			);
			productName = FilmFinder;
			productReference = 0CA0F04E2C9859A400569EBC /* FilmFinder.app */;
			productType = "com.apple.product-type.application";
		};
/* End PBXNativeTarget section */

/* Begin PBXProject section */
		0CA0F0462C9859A400569EBC /* Project object */ = {
			isa = PBXProject;
			attributes = {
				BuildIndependentTargetsInParallel = 1;
				LastSwiftUpdateCheck = 1530;
				LastUpgradeCheck = 1530;
				TargetAttributes = {
					0CA0F04D2C9859A400569EBC = {
						CreatedOnToolsVersion = 15.3;
					};
				};
			};
			buildConfigurationList = 0CA0F0492C9859A400569EBC /* Build configuration list for PBXProject "FilmFinder" */;
			compatibilityVersion = "Xcode 14.0";
			developmentRegion = en;
			hasScannedForEncodings = 0;
			knownRegions = (
				en,
				Base,
			);
			mainGroup = 0CA0F0452C9859A400569EBC;
			packageReferences = (
				0C2B8C432C9ADEFE0019C955 /* XCRemoteSwiftPackageReference "Factory" */,
				0C2B8C462C9ADF040019C955 /* XCRemoteSwiftPackageReference "SFSafeSymbols" */,
				0C2B8CA52C9AF5B40019C955 /* XCRemoteSwiftPackageReference "realm-swift" */,
				0CCEB72F2C9B6CE200B8D071 /* XCRemoteSwiftPackageReference "Nuke" */,
			);
			productRefGroup = 0CA0F04F2C9859A400569EBC /* Products */;
			projectDirPath = "";
			projectRoot = "";
			targets = (
				0CA0F04D2C9859A400569EBC /* FilmFinder */,
			);
		};
/* End PBXProject section */

/* Begin PBXResourcesBuildPhase section */
		0CA0F04C2C9859A400569EBC /* Resources */ = {
			isa = PBXResourcesBuildPhase;
			buildActionMask = 2147483647;
			files = (
				0CA0F0B72C98C61800569EBC /* Localizable.strings in Resources */,
				0CA0F0BB2C98C6E100569EBC /* Images.xcassets in Resources */,
				0CA0F0632C985DC800569EBC /* Launch Screen.storyboard in Resources */,
				0CA0F0B92C98C6C900569EBC /* Colors.xcassets in Resources */,
				0CA0F05A2C9859A500569EBC /* Preview Assets.xcassets in Resources */,
				0CA0F0562C9859A500569EBC /* Assets.xcassets in Resources */,
			);
			runOnlyForDeploymentPostprocessing = 0;
		};
/* End PBXResourcesBuildPhase section */

/* Begin PBXShellScriptBuildPhase section */
		0CA0F0B12C98B15B00569EBC /* SwiftLint */ = {
			isa = PBXShellScriptBuildPhase;
			alwaysOutOfDate = 1;
			buildActionMask = 2147483647;
			files = (
			);
			inputFileListPaths = (
			);
			inputPaths = (
			);
			name = SwiftLint;
			outputFileListPaths = (
			);
			outputPaths = (
			);
			runOnlyForDeploymentPostprocessing = 0;
			shellPath = /bin/sh;
			shellScript = "export PATH=\"$PATH:/opt/homebrew/bin\"\nif which swiftlint > /dev/null; then\n  swiftlint\nelse\n  echo \"warning: SwiftLint not installed, download from https://github.com/realm/SwiftLint\"\nfi\n";
		};
		0CA0F0BC2C98CA0F00569EBC /* SwiftGen */ = {
			isa = PBXShellScriptBuildPhase;
			alwaysOutOfDate = 1;
			buildActionMask = 2147483647;
			files = (
			);
			inputFileListPaths = (
			);
			inputPaths = (
			);
			name = SwiftGen;
			outputFileListPaths = (
			);
			outputPaths = (
			);
			runOnlyForDeploymentPostprocessing = 0;
			shellPath = /bin/sh;
			shellScript = "# Adds support for Apple Silicon brew directory\nexport PATH=\"$PATH:/opt/homebrew/bin\"\n\nif which swiftgen >/dev/null; then\n    swiftgen\nelse\n    echo \"warning: SwiftGen not installed. Use: brew install swiftgen\"\nfi\n";
		};
/* End PBXShellScriptBuildPhase section */

/* Begin PBXSourcesBuildPhase section */
		0CA0F04A2C9859A400569EBC /* Sources */ = {
			isa = PBXSourcesBuildPhase;
			buildActionMask = 2147483647;
			files = (
				0CCEB7502C9C317600B8D071 /* MovieDetailsViewModel.swift in Sources */,
				0C2B8CBE2C9B24BE0019C955 /* ListDAO.swift in Sources */,
				0CCEB72C2C9B559F00B8D071 /* HomeViewAction.swift in Sources */,
				0C2B8CB32C9B02F20019C955 /* Results+Extensions.swift in Sources */,
				0CCEB7282C9B558100B8D071 /* HomeViewModel.swift in Sources */,
				0CDF23042C9CA60300D154DC /* MovieDetailsMapper.swift in Sources */,
				0CDF22FE2C9CA46D00D154DC /* MovieDetails.swift in Sources */,
				0CDF230F2C9ED75600D154DC /* SearchViewModel.swift in Sources */,
				0CDF23132C9ED76B00D154DC /* SearchViewState.swift in Sources */,
				0CCEB7342C9B73A100B8D071 /* TextStyle.swift in Sources */,
				0C2B8C772C9AE9690019C955 /* RepositoryResult.swift in Sources */,
				0CCEB74E2C9C2E9A00B8D071 /* BaseRoute.swift in Sources */,
				0CDF22F22C9C8A3900D154DC /* PersonDTO.swift in Sources */,
				0C7F43382C9F20AF0048891E /* Toast.swift in Sources */,
				0CDF23002C9CA5BA00D154DC /* BaseStorage.swift in Sources */,
				0C2B8CAE2C9AFFD90019C955 /* Storage+Injection.swift in Sources */,
				0C2B8C402C9ADC780019C955 /* String+Extensions.swift in Sources */,
				0C2B8C702C9AE90A0019C955 /* MovieMapper.swift in Sources */,
				0CDF230A2C9DE4FA00D154DC /* ListType.swift in Sources */,
				0CDF22FC2C9CA45D00D154DC /* MovieDetailsDAO.swift in Sources */,
				0CCEB73B2C9B75A500B8D071 /* Colors+Generated.swift in Sources */,
				0CCEB7492C9C2E1A00B8D071 /* Navigation+Injection.swift in Sources */,
				0CDF23172C9F00F200D154DC /* MainViewModel.swift in Sources */,
				0C2B8C9B2C9AEA3C0019C955 /* NetworkDispatcher.swift in Sources */,
				0C2B8C9A2C9AEA3C0019C955 /* NetworkConstants.swift in Sources */,
				0CCEB73C2C9B75A500B8D071 /* Images+Generated.swift in Sources */,
				0C2B8C862C9AEA110019C955 /* MovieDTO.swift in Sources */,
				0CDF23112C9ED76000D154DC /* SearchViewAction.swift in Sources */,
				0C2B8C522C9ADFD80019C955 /* BaseViewModel.swift in Sources */,
				0CCEB74C2C9C2E7800B8D071 /* HomeRouter.swift in Sources */,
				0C2B8C5B2C9AE0FE0019C955 /* WatchListView.swift in Sources */,
				0C2B8C912C9AEA300019C955 /* NetworkError.swift in Sources */,
				0C2B8C5D2C9AE1030019C955 /* HomeView.swift in Sources */,
				0CCEB7472C9C2CB800B8D071 /* MovieDetailsView.swift in Sources */,
				0C2B8C652C9AE1140019C955 /* MainView.swift in Sources */,
				0C2B8C512C9ADFD80019C955 /* BaseViewAction.swift in Sources */,
				0CCEB7242C9B512100B8D071 /* MovieCardView.swift in Sources */,
				0CCEB7582C9C351F00B8D071 /* AsyncButton.swift in Sources */,
				0CDF23152C9EEA4400D154DC /* SearchRouter.swift in Sources */,
				0C2B8C922C9AEA300019C955 /* NetworkErrorFactory.swift in Sources */,
				0CCEB7542C9C31A600B8D071 /* MovieDetailsViewState.swift in Sources */,
				0CCEB73A2C9B75A500B8D071 /* Strings+Generated.swift in Sources */,
				0C2B8C6D2C9AE8DE0019C955 /* MovieRepository.swift in Sources */,
				0CCEB72A2C9B558F00B8D071 /* HomeViewState.swift in Sources */,
				0C2B8C852C9AEA110019C955 /* MoviePageDTO.swift in Sources */,
				0C2B8C9F2C9AF45F0019C955 /* MovieStorage.swift in Sources */,
				0CDF22F82C9C8E4800D154DC /* PersonMapper.swift in Sources */,
				0C2B8CC02C9B25890019C955 /* ListStorage.swift in Sources */,
				0CCEB73E2C9B762100B8D071 /* Text+Extension.swift in Sources */,
				0C2B8C6A2C9AE1340019C955 /* ApplicationTab.swift in Sources */,
				0C2B8CAA2C9AF6130019C955 /* MovieDAO.swift in Sources */,
				0C2B8C742C9AE9310019C955 /* MoviePage.swift in Sources */,
				0C2B8C502C9ADFD80019C955 /* BaseViewState.swift in Sources */,
				0CDF22F62C9C8E1A00D154DC /* Person.swift in Sources */,
				0CDF230D2C9E104200D154DC /* Shimmer.swift in Sources */,
				0CDF23082C9CB9C900D154DC /* Array+Extensions.swift in Sources */,
				0CCEB7262C9B522A00B8D071 /* RatingView.swift in Sources */,
				0C2B8C9C2C9AEA3C0019C955 /* ResponseParser.swift in Sources */,
				0CCEB7362C9B73C300B8D071 /* FontWeight.swift in Sources */,
				0C2B8C7B2C9AE99E0019C955 /* Network+Injection.swift in Sources */,
				0C2B8CAC2C9AFF990019C955 /* RealmProvider.swift in Sources */,
				0CCEB7422C9B82F600B8D071 /* View+Extensions.swift in Sources */,
				0CDF23062C9CB69000D154DC /* ActorView.swift in Sources */,
				0C2B8C5F2C9AE10B0019C955 /* SearchView.swift in Sources */,
				0C7F433C2C9F21A20048891E /* ToastView.swift in Sources */,
				0CA0F0522C9859A400569EBC /* FilmFinderApp.swift in Sources */,
				0C2B8CB12C9B02940019C955 /* StorageError.swift in Sources */,
				0CDF22FA2C9C922700D154DC /* PersonDAO.swift in Sources */,
				0CDF22F42C9C8A4100D154DC /* CreditsDTO.swift in Sources */,
				0C2B8C892C9AEA180019C955 /* MovieAPIService.swift in Sources */,
				0CDF23022C9CA5CC00D154DC /* MovieDetailsStorage.swift in Sources */,
				0C2B8C982C9AEA3C0019C955 /* RequestFactory.swift in Sources */,
				0C7F433A2C9F21800048891E /* ToastModifier.swift in Sources */,
				0C2B8C8A2C9AEA180019C955 /* MovieRequest.swift in Sources */,
				0C2B8C7C2C9AE99E0019C955 /* Movies+Injection.swift in Sources */,
				0C2B8C422C9ADC8A0019C955 /* UIDevice+Extensions.swift in Sources */,
				0C2B8C992C9AEA3C0019C955 /* HTTPRequest.swift in Sources */,
				0CCEB7402C9B825900B8D071 /* CachedAsyncImage.swift in Sources */,
				0CCEB7562C9C31D700B8D071 /* MovieDetailsViewAction.swift in Sources */,
				0C2B8C732C9AE9310019C955 /* Movie.swift in Sources */,
			);
			runOnlyForDeploymentPostprocessing = 0;
		};
/* End PBXSourcesBuildPhase section */

/* Begin PBXVariantGroup section */
		0CA0F0B52C98C61800569EBC /* Localizable.strings */ = {
			isa = PBXVariantGroup;
			children = (
				0CA0F0B62C98C61800569EBC /* en */,
			);
			name = Localizable.strings;
			sourceTree = "<group>";
		};
/* End PBXVariantGroup section */

/* Begin XCBuildConfiguration section */
		0CA0F05B2C9859A500569EBC /* Debug */ = {
			isa = XCBuildConfiguration;
			buildSettings = {
				ALWAYS_SEARCH_USER_PATHS = NO;
				ASSETCATALOG_COMPILER_GENERATE_SWIFT_ASSET_SYMBOL_EXTENSIONS = YES;
				CLANG_ANALYZER_NONNULL = YES;
				CLANG_ANALYZER_NUMBER_OBJECT_CONVERSION = YES_AGGRESSIVE;
				CLANG_CXX_LANGUAGE_STANDARD = "gnu++20";
				CLANG_ENABLE_MODULES = YES;
				CLANG_ENABLE_OBJC_ARC = YES;
				CLANG_ENABLE_OBJC_WEAK = YES;
				CLANG_WARN_BLOCK_CAPTURE_AUTORELEASING = YES;
				CLANG_WARN_BOOL_CONVERSION = YES;
				CLANG_WARN_COMMA = YES;
				CLANG_WARN_CONSTANT_CONVERSION = YES;
				CLANG_WARN_DEPRECATED_OBJC_IMPLEMENTATIONS = YES;
				CLANG_WARN_DIRECT_OBJC_ISA_USAGE = YES_ERROR;
				CLANG_WARN_DOCUMENTATION_COMMENTS = YES;
				CLANG_WARN_EMPTY_BODY = YES;
				CLANG_WARN_ENUM_CONVERSION = YES;
				CLANG_WARN_INFINITE_RECURSION = YES;
				CLANG_WARN_INT_CONVERSION = YES;
				CLANG_WARN_NON_LITERAL_NULL_CONVERSION = YES;
				CLANG_WARN_OBJC_IMPLICIT_RETAIN_SELF = YES;
				CLANG_WARN_OBJC_LITERAL_CONVERSION = YES;
				CLANG_WARN_OBJC_ROOT_CLASS = YES_ERROR;
				CLANG_WARN_QUOTED_INCLUDE_IN_FRAMEWORK_HEADER = YES;
				CLANG_WARN_RANGE_LOOP_ANALYSIS = YES;
				CLANG_WARN_STRICT_PROTOTYPES = YES;
				CLANG_WARN_SUSPICIOUS_MOVE = YES;
				CLANG_WARN_UNGUARDED_AVAILABILITY = YES_AGGRESSIVE;
				CLANG_WARN_UNREACHABLE_CODE = YES;
				CLANG_WARN__DUPLICATE_METHOD_MATCH = YES;
				COPY_PHASE_STRIP = NO;
				DEBUG_INFORMATION_FORMAT = dwarf;
				ENABLE_STRICT_OBJC_MSGSEND = YES;
				ENABLE_TESTABILITY = YES;
				ENABLE_USER_SCRIPT_SANDBOXING = NO;
				GCC_C_LANGUAGE_STANDARD = gnu17;
				GCC_DYNAMIC_NO_PIC = NO;
				GCC_NO_COMMON_BLOCKS = YES;
				GCC_OPTIMIZATION_LEVEL = 0;
				GCC_PREPROCESSOR_DEFINITIONS = (
					"DEBUG=1",
					"$(inherited)",
				);
				GCC_WARN_64_TO_32_BIT_CONVERSION = YES;
				GCC_WARN_ABOUT_RETURN_TYPE = YES_ERROR;
				GCC_WARN_UNDECLARED_SELECTOR = YES;
				GCC_WARN_UNINITIALIZED_AUTOS = YES_AGGRESSIVE;
				GCC_WARN_UNUSED_FUNCTION = YES;
				GCC_WARN_UNUSED_VARIABLE = YES;
				LOCALIZATION_PREFERS_STRING_CATALOGS = YES;
				MTL_ENABLE_DEBUG_INFO = INCLUDE_SOURCE;
				MTL_FAST_MATH = YES;
				ONLY_ACTIVE_ARCH = YES;
				SWIFT_ACTIVE_COMPILATION_CONDITIONS = "DEBUG $(inherited)";
				SWIFT_OPTIMIZATION_LEVEL = "-Onone";
			};
			name = Debug;
		};
		0CA0F05C2C9859A500569EBC /* Release */ = {
			isa = XCBuildConfiguration;
			buildSettings = {
				ALWAYS_SEARCH_USER_PATHS = NO;
				ASSETCATALOG_COMPILER_GENERATE_SWIFT_ASSET_SYMBOL_EXTENSIONS = YES;
				CLANG_ANALYZER_NONNULL = YES;
				CLANG_ANALYZER_NUMBER_OBJECT_CONVERSION = YES_AGGRESSIVE;
				CLANG_CXX_LANGUAGE_STANDARD = "gnu++20";
				CLANG_ENABLE_MODULES = YES;
				CLANG_ENABLE_OBJC_ARC = YES;
				CLANG_ENABLE_OBJC_WEAK = YES;
				CLANG_WARN_BLOCK_CAPTURE_AUTORELEASING = YES;
				CLANG_WARN_BOOL_CONVERSION = YES;
				CLANG_WARN_COMMA = YES;
				CLANG_WARN_CONSTANT_CONVERSION = YES;
				CLANG_WARN_DEPRECATED_OBJC_IMPLEMENTATIONS = YES;
				CLANG_WARN_DIRECT_OBJC_ISA_USAGE = YES_ERROR;
				CLANG_WARN_DOCUMENTATION_COMMENTS = YES;
				CLANG_WARN_EMPTY_BODY = YES;
				CLANG_WARN_ENUM_CONVERSION = YES;
				CLANG_WARN_INFINITE_RECURSION = YES;
				CLANG_WARN_INT_CONVERSION = YES;
				CLANG_WARN_NON_LITERAL_NULL_CONVERSION = YES;
				CLANG_WARN_OBJC_IMPLICIT_RETAIN_SELF = YES;
				CLANG_WARN_OBJC_LITERAL_CONVERSION = YES;
				CLANG_WARN_OBJC_ROOT_CLASS = YES_ERROR;
				CLANG_WARN_QUOTED_INCLUDE_IN_FRAMEWORK_HEADER = YES;
				CLANG_WARN_RANGE_LOOP_ANALYSIS = YES;
				CLANG_WARN_STRICT_PROTOTYPES = YES;
				CLANG_WARN_SUSPICIOUS_MOVE = YES;
				CLANG_WARN_UNGUARDED_AVAILABILITY = YES_AGGRESSIVE;
				CLANG_WARN_UNREACHABLE_CODE = YES;
				CLANG_WARN__DUPLICATE_METHOD_MATCH = YES;
				COPY_PHASE_STRIP = NO;
				DEBUG_INFORMATION_FORMAT = "dwarf-with-dsym";
				ENABLE_NS_ASSERTIONS = NO;
				ENABLE_STRICT_OBJC_MSGSEND = YES;
				ENABLE_USER_SCRIPT_SANDBOXING = NO;
				GCC_C_LANGUAGE_STANDARD = gnu17;
				GCC_NO_COMMON_BLOCKS = YES;
				GCC_WARN_64_TO_32_BIT_CONVERSION = YES;
				GCC_WARN_ABOUT_RETURN_TYPE = YES_ERROR;
				GCC_WARN_UNDECLARED_SELECTOR = YES;
				GCC_WARN_UNINITIALIZED_AUTOS = YES_AGGRESSIVE;
				GCC_WARN_UNUSED_FUNCTION = YES;
				GCC_WARN_UNUSED_VARIABLE = YES;
				LOCALIZATION_PREFERS_STRING_CATALOGS = YES;
				MTL_ENABLE_DEBUG_INFO = NO;
				MTL_FAST_MATH = YES;
				SWIFT_COMPILATION_MODE = wholemodule;
			};
			name = Release;
		};
		0CA0F05E2C9859A500569EBC /* Debug */ = {
			isa = XCBuildConfiguration;
			buildSettings = {
				ASSETCATALOG_COMPILER_APPICON_NAME = AppIcon;
				ASSETCATALOG_COMPILER_GLOBAL_ACCENT_COLOR_NAME = AccentColor;
				CODE_SIGN_ENTITLEMENTS = FilmFinder/Resources/FilmFinder.entitlements;
				CODE_SIGN_STYLE = Automatic;
				CURRENT_PROJECT_VERSION = 1;
				DEVELOPMENT_ASSET_PATHS = "\"FilmFinder/Resources/Preview Content\"";
				DEVELOPMENT_TEAM = D7TCMSZEM5;
				ENABLE_HARDENED_RUNTIME = YES;
				ENABLE_PREVIEWS = YES;
				GENERATE_INFOPLIST_FILE = YES;
				"INFOPLIST_KEY_UIApplicationSceneManifest_Generation[sdk=iphoneos*]" = YES;
				"INFOPLIST_KEY_UIApplicationSceneManifest_Generation[sdk=iphonesimulator*]" = YES;
				"INFOPLIST_KEY_UIApplicationSupportsIndirectInputEvents[sdk=iphoneos*]" = YES;
				"INFOPLIST_KEY_UIApplicationSupportsIndirectInputEvents[sdk=iphonesimulator*]" = YES;
				"INFOPLIST_KEY_UILaunchScreen_Generation[sdk=iphoneos*]" = YES;
				"INFOPLIST_KEY_UILaunchScreen_Generation[sdk=iphonesimulator*]" = YES;
				INFOPLIST_KEY_UILaunchStoryboardName = "Launch Screen.storyboard";
				INFOPLIST_KEY_UIStatusBarStyle = "";
				"INFOPLIST_KEY_UIStatusBarStyle[sdk=iphoneos*]" = UIStatusBarStyleDefault;
				"INFOPLIST_KEY_UIStatusBarStyle[sdk=iphonesimulator*]" = UIStatusBarStyleDefault;
				INFOPLIST_KEY_UISupportedInterfaceOrientations = "UIInterfaceOrientationPortrait UIInterfaceOrientationPortraitUpsideDown";
				INFOPLIST_KEY_UISupportedInterfaceOrientations_iPad = "UIInterfaceOrientationLandscapeLeft UIInterfaceOrientationLandscapeRight UIInterfaceOrientationPortrait UIInterfaceOrientationPortraitUpsideDown";
				IPHONEOS_DEPLOYMENT_TARGET = 17.4;
				LD_RUNPATH_SEARCH_PATHS = "@executable_path/Frameworks";
				"LD_RUNPATH_SEARCH_PATHS[sdk=macosx*]" = "@executable_path/../Frameworks";
				MACOSX_DEPLOYMENT_TARGET = 14.3;
				MARKETING_VERSION = 1.0;
				PRODUCT_BUNDLE_IDENTIFIER = com.dkPersonal.FilmFinder;
				PRODUCT_NAME = "$(TARGET_NAME)";
				SDKROOT = auto;
				SUPPORTED_PLATFORMS = "iphoneos iphonesimulator";
				SUPPORTS_MACCATALYST = NO;
				SWIFT_EMIT_LOC_STRINGS = YES;
				SWIFT_VERSION = 5.0;
				TARGETED_DEVICE_FAMILY = 1;
			};
			name = Debug;
		};
		0CA0F05F2C9859A500569EBC /* Release */ = {
			isa = XCBuildConfiguration;
			buildSettings = {
				ASSETCATALOG_COMPILER_APPICON_NAME = AppIcon;
				ASSETCATALOG_COMPILER_GLOBAL_ACCENT_COLOR_NAME = AccentColor;
				CODE_SIGN_ENTITLEMENTS = FilmFinder/Resources/FilmFinder.entitlements;
				CODE_SIGN_STYLE = Automatic;
				CURRENT_PROJECT_VERSION = 1;
				DEVELOPMENT_ASSET_PATHS = "\"FilmFinder/Resources/Preview Content\"";
				DEVELOPMENT_TEAM = D7TCMSZEM5;
				ENABLE_HARDENED_RUNTIME = YES;
				ENABLE_PREVIEWS = YES;
				GENERATE_INFOPLIST_FILE = YES;
				"INFOPLIST_KEY_UIApplicationSceneManifest_Generation[sdk=iphoneos*]" = YES;
				"INFOPLIST_KEY_UIApplicationSceneManifest_Generation[sdk=iphonesimulator*]" = YES;
				"INFOPLIST_KEY_UIApplicationSupportsIndirectInputEvents[sdk=iphoneos*]" = YES;
				"INFOPLIST_KEY_UIApplicationSupportsIndirectInputEvents[sdk=iphonesimulator*]" = YES;
				"INFOPLIST_KEY_UILaunchScreen_Generation[sdk=iphoneos*]" = YES;
				"INFOPLIST_KEY_UILaunchScreen_Generation[sdk=iphonesimulator*]" = YES;
				INFOPLIST_KEY_UILaunchStoryboardName = "Launch Screen.storyboard";
				INFOPLIST_KEY_UIStatusBarStyle = "";
				"INFOPLIST_KEY_UIStatusBarStyle[sdk=iphoneos*]" = UIStatusBarStyleDefault;
				"INFOPLIST_KEY_UIStatusBarStyle[sdk=iphonesimulator*]" = UIStatusBarStyleDefault;
				INFOPLIST_KEY_UISupportedInterfaceOrientations = "UIInterfaceOrientationPortrait UIInterfaceOrientationPortraitUpsideDown";
				INFOPLIST_KEY_UISupportedInterfaceOrientations_iPad = "UIInterfaceOrientationLandscapeLeft UIInterfaceOrientationLandscapeRight UIInterfaceOrientationPortrait UIInterfaceOrientationPortraitUpsideDown";
				IPHONEOS_DEPLOYMENT_TARGET = 17.4;
				LD_RUNPATH_SEARCH_PATHS = "@executable_path/Frameworks";
				"LD_RUNPATH_SEARCH_PATHS[sdk=macosx*]" = "@executable_path/../Frameworks";
				MACOSX_DEPLOYMENT_TARGET = 14.3;
				MARKETING_VERSION = 1.0;
				PRODUCT_BUNDLE_IDENTIFIER = com.dkPersonal.FilmFinder;
				PRODUCT_NAME = "$(TARGET_NAME)";
				SDKROOT = auto;
				SUPPORTED_PLATFORMS = "iphoneos iphonesimulator";
				SUPPORTS_MACCATALYST = NO;
				SWIFT_EMIT_LOC_STRINGS = YES;
				SWIFT_VERSION = 5.0;
				TARGETED_DEVICE_FAMILY = 1;
			};
			name = Release;
		};
/* End XCBuildConfiguration section */

/* Begin XCConfigurationList section */
		0CA0F0492C9859A400569EBC /* Build configuration list for PBXProject "FilmFinder" */ = {
			isa = XCConfigurationList;
			buildConfigurations = (
				0CA0F05B2C9859A500569EBC /* Debug */,
				0CA0F05C2C9859A500569EBC /* Release */,
			);
			defaultConfigurationIsVisible = 0;
			defaultConfigurationName = Release;
		};
		0CA0F05D2C9859A500569EBC /* Build configuration list for PBXNativeTarget "FilmFinder" */ = {
			isa = XCConfigurationList;
			buildConfigurations = (
				0CA0F05E2C9859A500569EBC /* Debug */,
				0CA0F05F2C9859A500569EBC /* Release */,
			);
			defaultConfigurationIsVisible = 0;
			defaultConfigurationName = Release;
		};
/* End XCConfigurationList section */

/* Begin XCRemoteSwiftPackageReference section */
		0C2B8C432C9ADEFE0019C955 /* XCRemoteSwiftPackageReference "Factory" */ = {
			isa = XCRemoteSwiftPackageReference;
			repositoryURL = "https://github.com/hmlongco/Factory";
			requirement = {
				kind = upToNextMajorVersion;
				minimumVersion = 2.3.2;
			};
		};
		0C2B8C462C9ADF040019C955 /* XCRemoteSwiftPackageReference "SFSafeSymbols" */ = {
			isa = XCRemoteSwiftPackageReference;
			repositoryURL = "https://github.com/SFSafeSymbols/SFSafeSymbols";
			requirement = {
				kind = upToNextMajorVersion;
				minimumVersion = 5.3.0;
			};
		};
		0C2B8CA52C9AF5B40019C955 /* XCRemoteSwiftPackageReference "realm-swift" */ = {
			isa = XCRemoteSwiftPackageReference;
			repositoryURL = "https://github.com/realm/realm-swift";
			requirement = {
				kind = upToNextMajorVersion;
				minimumVersion = 20.0.0;
			};
		};
		0CCEB72F2C9B6CE200B8D071 /* XCRemoteSwiftPackageReference "Nuke" */ = {
			isa = XCRemoteSwiftPackageReference;
			repositoryURL = "https://github.com/kean/Nuke";
			requirement = {
				kind = upToNextMajorVersion;
				minimumVersion = 12.8.0;
			};
		};
/* End XCRemoteSwiftPackageReference section */

/* Begin XCSwiftPackageProductDependency section */
		0C2B8C442C9ADEFE0019C955 /* Factory */ = {
			isa = XCSwiftPackageProductDependency;
			package = 0C2B8C432C9ADEFE0019C955 /* XCRemoteSwiftPackageReference "Factory" */;
			productName = Factory;
		};
		0C2B8C472C9ADF040019C955 /* SFSafeSymbols */ = {
			isa = XCSwiftPackageProductDependency;
			package = 0C2B8C462C9ADF040019C955 /* XCRemoteSwiftPackageReference "SFSafeSymbols" */;
			productName = SFSafeSymbols;
		};
		0C2B8CA62C9AF5B40019C955 /* RealmSwift */ = {
			isa = XCSwiftPackageProductDependency;
			package = 0C2B8CA52C9AF5B40019C955 /* XCRemoteSwiftPackageReference "realm-swift" */;
			productName = RealmSwift;
		};
		0CCEB7302C9B6CE200B8D071 /* NukeUI */ = {
			isa = XCSwiftPackageProductDependency;
			package = 0CCEB72F2C9B6CE200B8D071 /* XCRemoteSwiftPackageReference "Nuke" */;
			productName = NukeUI;
		};
/* End XCSwiftPackageProductDependency section */
	};
	rootObject = 0CA0F0462C9859A400569EBC /* Project object */;
}
